// !$*UTF8*$!
{
	archiveVersion = 1;
	classes = {
	};
	objectVersion = 48;
	objects = {

/* Begin PBXBuildFile section */
		3F5A7BDD9A952420AB97BDB2 /* Pods_Visheo.framework in Frameworks */ = {isa = PBXBuildFile; fileRef = 60CA3B92135B1FD9CD3E9341 /* Pods_Visheo.framework */; };
		B4B9D19A1FA8A52300CBD7DB /* AppDelegate.swift in Sources */ = {isa = PBXBuildFile; fileRef = B4B9D1991FA8A52300CBD7DB /* AppDelegate.swift */; };
		B4B9D19C1FA8A52300CBD7DB /* ViewController.swift in Sources */ = {isa = PBXBuildFile; fileRef = B4B9D19B1FA8A52300CBD7DB /* ViewController.swift */; };
		B4B9D19F1FA8A52300CBD7DB /* Main.storyboard in Resources */ = {isa = PBXBuildFile; fileRef = B4B9D19D1FA8A52300CBD7DB /* Main.storyboard */; };
		B4B9D1A11FA8A52300CBD7DB /* Assets.xcassets in Resources */ = {isa = PBXBuildFile; fileRef = B4B9D1A01FA8A52300CBD7DB /* Assets.xcassets */; };
		B4B9D1A41FA8A52300CBD7DB /* LaunchScreen.storyboard in Resources */ = {isa = PBXBuildFile; fileRef = B4B9D1A21FA8A52300CBD7DB /* LaunchScreen.storyboard */; };
		B4B9D1AD1FA8D4D100CBD7DB /* GoogleService-Info.plist in Resources */ = {isa = PBXBuildFile; fileRef = B4B9D1AC1FA8D4D000CBD7DB /* GoogleService-Info.plist */; };
/* End PBXBuildFile section */

/* Begin PBXFileReference section */
		60CA3B92135B1FD9CD3E9341 /* Pods_Visheo.framework */ = {isa = PBXFileReference; explicitFileType = wrapper.framework; includeInIndex = 0; path = Pods_Visheo.framework; sourceTree = BUILT_PRODUCTS_DIR; };
		9F1A439620490D2D7968FF59 /* Pods-Visheo.release.xcconfig */ = {isa = PBXFileReference; includeInIndex = 1; lastKnownFileType = text.xcconfig; name = "Pods-Visheo.release.xcconfig"; path = "Pods/Target Support Files/Pods-Visheo/Pods-Visheo.release.xcconfig"; sourceTree = "<group>"; };
		A1C0DFCF39B165B13CAD6FEF /* Pods-Visheo.debug.xcconfig */ = {isa = PBXFileReference; includeInIndex = 1; lastKnownFileType = text.xcconfig; name = "Pods-Visheo.debug.xcconfig"; path = "Pods/Target Support Files/Pods-Visheo/Pods-Visheo.debug.xcconfig"; sourceTree = "<group>"; };
		B4B9D1961FA8A52300CBD7DB /* Visheo.app */ = {isa = PBXFileReference; explicitFileType = wrapper.application; includeInIndex = 0; path = Visheo.app; sourceTree = BUILT_PRODUCTS_DIR; };
		B4B9D1991FA8A52300CBD7DB /* AppDelegate.swift */ = {isa = PBXFileReference; lastKnownFileType = sourcecode.swift; path = AppDelegate.swift; sourceTree = "<group>"; };
		B4B9D19B1FA8A52300CBD7DB /* ViewController.swift */ = {isa = PBXFileReference; lastKnownFileType = sourcecode.swift; path = ViewController.swift; sourceTree = "<group>"; };
		B4B9D19E1FA8A52300CBD7DB /* Base */ = {isa = PBXFileReference; lastKnownFileType = file.storyboard; name = Base; path = Base.lproj/Main.storyboard; sourceTree = "<group>"; };
		B4B9D1A01FA8A52300CBD7DB /* Assets.xcassets */ = {isa = PBXFileReference; lastKnownFileType = folder.assetcatalog; path = Assets.xcassets; sourceTree = "<group>"; };
		B4B9D1A31FA8A52300CBD7DB /* Base */ = {isa = PBXFileReference; lastKnownFileType = file.storyboard; name = Base; path = Base.lproj/LaunchScreen.storyboard; sourceTree = "<group>"; };
		B4B9D1A51FA8A52300CBD7DB /* Info.plist */ = {isa = PBXFileReference; lastKnownFileType = text.plist.xml; path = Info.plist; sourceTree = "<group>"; };
		B4B9D1AC1FA8D4D000CBD7DB /* GoogleService-Info.plist */ = {isa = PBXFileReference; fileEncoding = 4; lastKnownFileType = text.plist.xml; path = "GoogleService-Info.plist"; sourceTree = "<group>"; };
/* End PBXFileReference section */

/* Begin PBXFrameworksBuildPhase section */
		B4B9D1931FA8A52300CBD7DB /* Frameworks */ = {
			isa = PBXFrameworksBuildPhase;
			buildActionMask = 2147483647;
			files = (
				3F5A7BDD9A952420AB97BDB2 /* Pods_Visheo.framework in Frameworks */,
			);
			runOnlyForDeploymentPostprocessing = 0;
		};
/* End PBXFrameworksBuildPhase section */

/* Begin PBXGroup section */
		96EB3AB061448D793927EB4A /* Frameworks */ = {
			isa = PBXGroup;
			children = (
				60CA3B92135B1FD9CD3E9341 /* Pods_Visheo.framework */,
			);
			name = Frameworks;
			sourceTree = "<group>";
		};
		B4B9D18D1FA8A52300CBD7DB = {
			isa = PBXGroup;
			children = (
				96EB3AB061448D793927EB4A /* Frameworks */,
				B4B9D1981FA8A52300CBD7DB /* Visheo */,
				B4B9D1971FA8A52300CBD7DB /* Products */,
				CC7C1C17CFB809EE5564ADC0 /* Pods */,
			);
			sourceTree = "<group>";
		};
		B4B9D1971FA8A52300CBD7DB /* Products */ = {
			isa = PBXGroup;
			children = (
				B4B9D1961FA8A52300CBD7DB /* Visheo.app */,
			);
			name = Products;
			sourceTree = "<group>";
		};
		B4B9D1981FA8A52300CBD7DB /* Visheo */ = {
			isa = PBXGroup;
			children = (
				B4B9D1991FA8A52300CBD7DB /* AppDelegate.swift */,
				B4B9D19B1FA8A52300CBD7DB /* ViewController.swift */,
				B4B9D19D1FA8A52300CBD7DB /* Main.storyboard */,
				B4B9D1A01FA8A52300CBD7DB /* Assets.xcassets */,
				B4B9D1A21FA8A52300CBD7DB /* LaunchScreen.storyboard */,
				B4B9D1A51FA8A52300CBD7DB /* Info.plist */,
				B4B9D1AC1FA8D4D000CBD7DB /* GoogleService-Info.plist */,
			);
			path = Visheo;
			sourceTree = "<group>";
		};
		CC7C1C17CFB809EE5564ADC0 /* Pods */ = {
			isa = PBXGroup;
			children = (
				A1C0DFCF39B165B13CAD6FEF /* Pods-Visheo.debug.xcconfig */,
				9F1A439620490D2D7968FF59 /* Pods-Visheo.release.xcconfig */,
			);
			name = Pods;
			sourceTree = "<group>";
		};
/* End PBXGroup section */

/* Begin PBXNativeTarget section */
		B4B9D1951FA8A52300CBD7DB /* Visheo */ = {
			isa = PBXNativeTarget;
			buildConfigurationList = B4B9D1A81FA8A52300CBD7DB /* Build configuration list for PBXNativeTarget "Visheo" */;
			buildPhases = (
				E8E3817E1590F42B3F36AE55 /* [CP] Check Pods Manifest.lock */,
				B4B9D1921FA8A52300CBD7DB /* Sources */,
				B4B9D1931FA8A52300CBD7DB /* Frameworks */,
				B4B9D1941FA8A52300CBD7DB /* Resources */,
				E93BDD87166AC91A93EBDEF6 /* [CP] Embed Pods Frameworks */,
				7CBF36C8E795C858C5527222 /* [CP] Copy Pods Resources */,
				B4B9D1AB1FA8BF2E00CBD7DB /* Crashlytis stup */,
			);
			buildRules = (
			);
			dependencies = (
			);
			name = Visheo;
			productName = Visheo;
			productReference = B4B9D1961FA8A52300CBD7DB /* Visheo.app */;
			productType = "com.apple.product-type.application";
		};
/* End PBXNativeTarget section */

/* Begin PBXProject section */
		B4B9D18E1FA8A52300CBD7DB /* Project object */ = {
			isa = PBXProject;
			attributes = {
				LastSwiftUpdateCheck = 0900;
				LastUpgradeCheck = 0900;
				ORGANIZATIONNAME = Olearis;
				TargetAttributes = {
					B4B9D1951FA8A52300CBD7DB = {
						CreatedOnToolsVersion = 9.0.1;
						ProvisioningStyle = Automatic;
					};
				};
			};
			buildConfigurationList = B4B9D1911FA8A52300CBD7DB /* Build configuration list for PBXProject "Visheo" */;
			compatibilityVersion = "Xcode 8.0";
			developmentRegion = en;
			hasScannedForEncodings = 0;
			knownRegions = (
				en,
				Base,
			);
			mainGroup = B4B9D18D1FA8A52300CBD7DB;
			productRefGroup = B4B9D1971FA8A52300CBD7DB /* Products */;
			projectDirPath = "";
			projectRoot = "";
			targets = (
				B4B9D1951FA8A52300CBD7DB /* Visheo */,
			);
		};
/* End PBXProject section */

/* Begin PBXResourcesBuildPhase section */
		B4B9D1941FA8A52300CBD7DB /* Resources */ = {
			isa = PBXResourcesBuildPhase;
			buildActionMask = 2147483647;
			files = (
				B4B9D1A41FA8A52300CBD7DB /* LaunchScreen.storyboard in Resources */,
				B4B9D1AD1FA8D4D100CBD7DB /* GoogleService-Info.plist in Resources */,
				B4B9D1A11FA8A52300CBD7DB /* Assets.xcassets in Resources */,
				B4B9D19F1FA8A52300CBD7DB /* Main.storyboard in Resources */,
			);
			runOnlyForDeploymentPostprocessing = 0;
		};
/* End PBXResourcesBuildPhase section */

/* Begin PBXShellScriptBuildPhase section */
		7CBF36C8E795C858C5527222 /* [CP] Copy Pods Resources */ = {
			isa = PBXShellScriptBuildPhase;
			buildActionMask = 2147483647;
			files = (
			);
			inputPaths = (
			);
			name = "[CP] Copy Pods Resources";
			outputPaths = (
			);
			runOnlyForDeploymentPostprocessing = 0;
			shellPath = /bin/sh;
			shellScript = "\"${SRCROOT}/Pods/Target Support Files/Pods-Visheo/Pods-Visheo-resources.sh\"\n";
			showEnvVarsInLog = 0;
		};
		B4B9D1AB1FA8BF2E00CBD7DB /* Crashlytis stup */ = {
			isa = PBXShellScriptBuildPhase;
			buildActionMask = 2147483647;
			files = (
			);
			inputPaths = (
			);
			name = "Crashlytis stup";
			outputPaths = (
			);
			runOnlyForDeploymentPostprocessing = 0;
			shellPath = /bin/sh;
			shellScript = "\"${PODS_ROOT}/Fabric/run\" f9edfee36e59c3f16c7050739bbfeb28125f15d9 9b5908df5162e17c4eaf46bb3b9b26f69c9b19256845a053289fac3d6ad29cab";
		};
		E8E3817E1590F42B3F36AE55 /* [CP] Check Pods Manifest.lock */ = {
			isa = PBXShellScriptBuildPhase;
			buildActionMask = 2147483647;
			files = (
			);
			inputPaths = (
			);
			name = "[CP] Check Pods Manifest.lock";
			outputPaths = (
			);
			runOnlyForDeploymentPostprocessing = 0;
			shellPath = /bin/sh;
			shellScript = "diff \"${PODS_PODFILE_DIR_PATH}/Podfile.lock\" \"${PODS_ROOT}/Manifest.lock\" > /dev/null\nif [ $? != 0 ] ; then\n    # print error to STDERR\n    echo \"error: The sandbox is not in sync with the Podfile.lock. Run 'pod install' or update your CocoaPods installation.\" >&2\n    exit 1\nfi\n";
			showEnvVarsInLog = 0;
		};
		E93BDD87166AC91A93EBDEF6 /* [CP] Embed Pods Frameworks */ = {
			isa = PBXShellScriptBuildPhase;
			buildActionMask = 2147483647;
			files = (
			);
			inputPaths = (
			);
			name = "[CP] Embed Pods Frameworks";
			outputPaths = (
			);
			runOnlyForDeploymentPostprocessing = 0;
			shellPath = /bin/sh;
			shellScript = "\"${SRCROOT}/Pods/Target Support Files/Pods-Visheo/Pods-Visheo-frameworks.sh\"\n";
			showEnvVarsInLog = 0;
		};
/* End PBXShellScriptBuildPhase section */

/* Begin PBXSourcesBuildPhase section */
		B4B9D1921FA8A52300CBD7DB /* Sources */ = {
			isa = PBXSourcesBuildPhase;
			buildActionMask = 2147483647;
			files = (
				B4B9D19C1FA8A52300CBD7DB /* ViewController.swift in Sources */,
				B4B9D19A1FA8A52300CBD7DB /* AppDelegate.swift in Sources */,
			);
			runOnlyForDeploymentPostprocessing = 0;
		};
/* End PBXSourcesBuildPhase section */

/* Begin PBXVariantGroup section */
		B4B9D19D1FA8A52300CBD7DB /* Main.storyboard */ = {
			isa = PBXVariantGroup;
			children = (
				B4B9D19E1FA8A52300CBD7DB /* Base */,
			);
			name = Main.storyboard;
			sourceTree = "<group>";
		};
		B4B9D1A21FA8A52300CBD7DB /* LaunchScreen.storyboard */ = {
			isa = PBXVariantGroup;
			children = (
				B4B9D1A31FA8A52300CBD7DB /* Base */,
			);
			name = LaunchScreen.storyboard;
			sourceTree = "<group>";
		};
/* End PBXVariantGroup section */

/* Begin XCBuildConfiguration section */
		B4B9D1A61FA8A52300CBD7DB /* Debug */ = {
			isa = XCBuildConfiguration;
			buildSettings = {
				ALWAYS_SEARCH_USER_PATHS = NO;
				CLANG_ANALYZER_NONNULL = YES;
				CLANG_ANALYZER_NUMBER_OBJECT_CONVERSION = YES_AGGRESSIVE;
				CLANG_CXX_LANGUAGE_STANDARD = "gnu++14";
				CLANG_CXX_LIBRARY = "libc++";
				CLANG_ENABLE_MODULES = YES;
				CLANG_ENABLE_OBJC_ARC = YES;
				CLANG_WARN_BLOCK_CAPTURE_AUTORELEASING = YES;
				CLANG_WARN_BOOL_CONVERSION = YES;
				CLANG_WARN_COMMA = YES;
				CLANG_WARN_CONSTANT_CONVERSION = YES;
				CLANG_WARN_DIRECT_OBJC_ISA_USAGE = YES_ERROR;
				CLANG_WARN_DOCUMENTATION_COMMENTS = YES;
				CLANG_WARN_EMPTY_BODY = YES;
				CLANG_WARN_ENUM_CONVERSION = YES;
				CLANG_WARN_INFINITE_RECURSION = YES;
				CLANG_WARN_INT_CONVERSION = YES;
				CLANG_WARN_NON_LITERAL_NULL_CONVERSION = YES;
				CLANG_WARN_OBJC_LITERAL_CONVERSION = YES;
				CLANG_WARN_OBJC_ROOT_CLASS = YES_ERROR;
				CLANG_WARN_RANGE_LOOP_ANALYSIS = YES;
				CLANG_WARN_STRICT_PROTOTYPES = YES;
				CLANG_WARN_SUSPICIOUS_MOVE = YES;
				CLANG_WARN_UNGUARDED_AVAILABILITY = YES_AGGRESSIVE;
				CLANG_WARN_UNREACHABLE_CODE = YES;
				CLANG_WARN__DUPLICATE_METHOD_MATCH = YES;
				CODE_SIGN_IDENTITY = "iPhone Developer";
				COPY_PHASE_STRIP = NO;
				DEBUG_INFORMATION_FORMAT = dwarf;
				ENABLE_STRICT_OBJC_MSGSEND = YES;
				ENABLE_TESTABILITY = YES;
				GCC_C_LANGUAGE_STANDARD = gnu11;
				GCC_DYNAMIC_NO_PIC = NO;
				GCC_NO_COMMON_BLOCKS = YES;
				GCC_OPTIMIZATION_LEVEL = 0;
				GCC_PREPROCESSOR_DEFINITIONS = (
					"DEBUG=1",
					"$(inherited)",
				);
				GCC_WARN_64_TO_32_BIT_CONVERSION = YES;
				GCC_WARN_ABOUT_RETURN_TYPE = YES_ERROR;
				GCC_WARN_UNDECLARED_SELECTOR = YES;
				GCC_WARN_UNINITIALIZED_AUTOS = YES_AGGRESSIVE;
				GCC_WARN_UNUSED_FUNCTION = YES;
				GCC_WARN_UNUSED_VARIABLE = YES;
				IPHONEOS_DEPLOYMENT_TARGET = 10.0;
				MTL_ENABLE_DEBUG_INFO = YES;
				ONLY_ACTIVE_ARCH = YES;
				SDKROOT = iphoneos;
				SWIFT_ACTIVE_COMPILATION_CONDITIONS = DEBUG;
				SWIFT_OPTIMIZATION_LEVEL = "-Onone";
			};
			name = Debug;
		};
		B4B9D1A71FA8A52300CBD7DB /* Release */ = {
			isa = XCBuildConfiguration;
			buildSettings = {
				ALWAYS_SEARCH_USER_PATHS = NO;
				CLANG_ANALYZER_NONNULL = YES;
				CLANG_ANALYZER_NUMBER_OBJECT_CONVERSION = YES_AGGRESSIVE;
				CLANG_CXX_LANGUAGE_STANDARD = "gnu++14";
				CLANG_CXX_LIBRARY = "libc++";
				CLANG_ENABLE_MODULES = YES;
				CLANG_ENABLE_OBJC_ARC = YES;
				CLANG_WARN_BLOCK_CAPTURE_AUTORELEASING = YES;
				CLANG_WARN_BOOL_CONVERSION = YES;
				CLANG_WARN_COMMA = YES;
				CLANG_WARN_CONSTANT_CONVERSION = YES;
				CLANG_WARN_DIRECT_OBJC_ISA_USAGE = YES_ERROR;
				CLANG_WARN_DOCUMENTATION_COMMENTS = YES;
				CLANG_WARN_EMPTY_BODY = YES;
				CLANG_WARN_ENUM_CONVERSION = YES;
				CLANG_WARN_INFINITE_RECURSION = YES;
				CLANG_WARN_INT_CONVERSION = YES;
				CLANG_WARN_NON_LITERAL_NULL_CONVERSION = YES;
				CLANG_WARN_OBJC_LITERAL_CONVERSION = YES;
				CLANG_WARN_OBJC_ROOT_CLASS = YES_ERROR;
				CLANG_WARN_RANGE_LOOP_ANALYSIS = YES;
				CLANG_WARN_STRICT_PROTOTYPES = YES;
				CLANG_WARN_SUSPICIOUS_MOVE = YES;
				CLANG_WARN_UNGUARDED_AVAILABILITY = YES_AGGRESSIVE;
				CLANG_WARN_UNREACHABLE_CODE = YES;
				CLANG_WARN__DUPLICATE_METHOD_MATCH = YES;
				CODE_SIGN_IDENTITY = "iPhone Developer";
				COPY_PHASE_STRIP = NO;
				DEBUG_INFORMATION_FORMAT = "dwarf-with-dsym";
				ENABLE_NS_ASSERTIONS = NO;
				ENABLE_STRICT_OBJC_MSGSEND = YES;
				GCC_C_LANGUAGE_STANDARD = gnu11;
				GCC_NO_COMMON_BLOCKS = YES;
				GCC_WARN_64_TO_32_BIT_CONVERSION = YES;
				GCC_WARN_ABOUT_RETURN_TYPE = YES_ERROR;
				GCC_WARN_UNDECLARED_SELECTOR = YES;
				GCC_WARN_UNINITIALIZED_AUTOS = YES_AGGRESSIVE;
				GCC_WARN_UNUSED_FUNCTION = YES;
				GCC_WARN_UNUSED_VARIABLE = YES;
				IPHONEOS_DEPLOYMENT_TARGET = 10.0;
				MTL_ENABLE_DEBUG_INFO = NO;
				SDKROOT = iphoneos;
				SWIFT_OPTIMIZATION_LEVEL = "-Owholemodule";
				VALIDATE_PRODUCT = YES;
			};
			name = Release;
		};
		B4B9D1A91FA8A52300CBD7DB /* Debug */ = {
			isa = XCBuildConfiguration;
			baseConfigurationReference = A1C0DFCF39B165B13CAD6FEF /* Pods-Visheo.debug.xcconfig */;
			buildSettings = {
				ASSETCATALOG_COMPILER_APPICON_NAME = AppIcon;
				CODE_SIGN_STYLE = Automatic;
				DEVELOPMENT_TEAM = 4M6W632NJ7;
				INFOPLIST_FILE = Visheo/Info.plist;
				LD_RUNPATH_SEARCH_PATHS = "$(inherited) @executable_path/Frameworks";
				PRODUCT_BUNDLE_IDENTIFIER = "com.olearis.visheo-dev";
				PRODUCT_NAME = "$(TARGET_NAME)";
				SWIFT_VERSION = 4.0;
				TARGETED_DEVICE_FAMILY = "1,2";
			};
			name = Debug;
		};
		B4B9D1AA1FA8A52300CBD7DB /* Release */ = {
			isa = XCBuildConfiguration;
			baseConfigurationReference = 9F1A439620490D2D7968FF59 /* Pods-Visheo.release.xcconfig */;
			buildSettings = {
				ASSETCATALOG_COMPILER_APPICON_NAME = AppIcon;
				CODE_SIGN_STYLE = Automatic;
				DEVELOPMENT_TEAM = 4M6W632NJ7;
				INFOPLIST_FILE = Visheo/Info.plist;
				LD_RUNPATH_SEARCH_PATHS = "$(inherited) @executable_path/Frameworks";
				PRODUCT_BUNDLE_IDENTIFIER = "com.olearis.visheo-dev";
				PRODUCT_NAME = "$(TARGET_NAME)";
				SWIFT_VERSION = 4.0;
				TARGETED_DEVICE_FAMILY = "1,2";
			};
			name = Release;
		};
/* End XCBuildConfiguration section */

/* Begin XCConfigurationList section */
		B4B9D1911FA8A52300CBD7DB /* Build configuration list for PBXProject "Visheo" */ = {
			isa = XCConfigurationList;
			buildConfigurations = (
				B4B9D1A61FA8A52300CBD7DB /* Debug */,
				B4B9D1A71FA8A52300CBD7DB /* Release */,
			);
			defaultConfigurationIsVisible = 0;
			defaultConfigurationName = Release;
		};
		B4B9D1A81FA8A52300CBD7DB /* Build configuration list for PBXNativeTarget "Visheo" */ = {
			isa = XCConfigurationList;
			buildConfigurations = (
				B4B9D1A91FA8A52300CBD7DB /* Debug */,
				B4B9D1AA1FA8A52300CBD7DB /* Release */,
			);
			defaultConfigurationIsVisible = 0;
			defaultConfigurationName = Release;
		};
/* End XCConfigurationList section */
	};
	rootObject = B4B9D18E1FA8A52300CBD7DB /* Project object */;
}
