// !$*UTF8*$!
{
	archiveVersion = 1;
	classes = {
	};
	objectVersion = 48;
	objects = {

/* Begin PBXBuildFile section */
		9255DF0E1FCD9EC200F9815F /* AppSettings.swift in Sources */ = {isa = PBXBuildFile; fileRef = 9255DF0D1FCD9EC200F9815F /* AppSettings.swift */; };
		9255DF121FCDA5A200F9815F /* app_settings.plist in Resources */ = {isa = PBXBuildFile; fileRef = 9255DF111FCDA5A200F9815F /* app_settings.plist */; };
		9255DF141FCDBE2900F9815F /* VisheoMovieWriter.swift in Sources */ = {isa = PBXBuildFile; fileRef = 9255DF131FCDBE2800F9815F /* VisheoMovieWriter.swift */; };
		9262CBAB1FBDF71A00F90AB3 /* CameraViewController.swift in Sources */ = {isa = PBXBuildFile; fileRef = 9262CBAA1FBDF71A00F90AB3 /* CameraViewController.swift */; };
		9262CBAE1FBDF98300F90AB3 /* CameraRouter.swift in Sources */ = {isa = PBXBuildFile; fileRef = 9262CBAD1FBDF98300F90AB3 /* CameraRouter.swift */; };
		9262CBB11FBDFA5600F90AB3 /* CameraViewModel.swift in Sources */ = {isa = PBXBuildFile; fileRef = 9262CBB01FBDFA5600F90AB3 /* CameraViewModel.swift */; };
		9262CBB31FBE139700F90AB3 /* CameraRecordButton.swift in Sources */ = {isa = PBXBuildFile; fileRef = 9262CBB21FBE139700F90AB3 /* CameraRecordButton.swift */; };
		92A8D3091FC85FA6001E194D /* VisheoPreviewView.swift in Sources */ = {isa = PBXBuildFile; fileRef = 92A8D3081FC85FA6001E194D /* VisheoPreviewView.swift */; };
		92A8D30D1FC86E86001E194D /* beginning.m4a in Resources */ = {isa = PBXBuildFile; fileRef = 92A8D30B1FC86E86001E194D /* beginning.m4a */; };
		92A8D30E1FC86E86001E194D /* blank.m4v in Resources */ = {isa = PBXBuildFile; fileRef = 92A8D30C1FC86E86001E194D /* blank.m4v */; };
		92C006611FC0B49E000AFD4E /* CameraPermissionsViewModel.swift in Sources */ = {isa = PBXBuildFile; fileRef = 92C006601FC0B49E000AFD4E /* CameraPermissionsViewModel.swift */; };
		92C006631FC0B4AC000AFD4E /* CameraPermissionsRouter.swift in Sources */ = {isa = PBXBuildFile; fileRef = 92C006621FC0B4AC000AFD4E /* CameraPermissionsRouter.swift */; };
		92C006651FC0B4BE000AFD4E /* CameraPermissionsViewController.swift in Sources */ = {isa = PBXBuildFile; fileRef = 92C006641FC0B4BE000AFD4E /* CameraPermissionsViewController.swift */; };
		92DEDBAD1FC01ACD00C7FBB1 /* CameraTipsView.swift in Sources */ = {isa = PBXBuildFile; fileRef = 92DEDBAC1FC01ACD00C7FBB1 /* CameraTipsView.swift */; };
		92DEDBAE1FC0598400C7FBB1 /* Camera.storyboard in Resources */ = {isa = PBXBuildFile; fileRef = 92DEDBB01FC0598400C7FBB1 /* Camera.storyboard */; };
		92DEDBB11FC0599100C7FBB1 /* CameraTips.xib in Resources */ = {isa = PBXBuildFile; fileRef = 92DEDBB31FC0599100C7FBB1 /* CameraTips.xib */; };
		92DEDBB51FC0670B00C7FBB1 /* CameraRecordIndicator.swift in Sources */ = {isa = PBXBuildFile; fileRef = 92DEDBB41FC0670B00C7FBB1 /* CameraRecordIndicator.swift */; };
		92EF8E841FC4190D005926E5 /* VisheoVideo.framework in Frameworks */ = {isa = PBXBuildFile; fileRef = 924DEB8A1FC3B22B00B04EE8 /* VisheoVideo.framework */; };
		92EF8E851FC4190D005926E5 /* VisheoVideo.framework in Embed Frameworks */ = {isa = PBXBuildFile; fileRef = 924DEB8A1FC3B22B00B04EE8 /* VisheoVideo.framework */; settings = {ATTRIBUTES = (CodeSignOnCopy, RemoveHeadersOnCopy, ); }; };
		B409B3A51FADBC2100FE43F1 /* ViewModels.swift in Sources */ = {isa = PBXBuildFile; fileRef = B409B3A41FADBC2100FE43F1 /* ViewModels.swift */; };
		B420ADC11FC1A2D500ECA590 /* AppPermissionsService.swift in Sources */ = {isa = PBXBuildFile; fileRef = B420ADC01FC1A2D500ECA590 /* AppPermissionsService.swift */; };
		B42A29891FB1F8CE00A8741F /* HolidayDateLabel.swift in Sources */ = {isa = PBXBuildFile; fileRef = B42A29881FB1F8CE00A8741F /* HolidayDateLabel.swift */; };
		B43163811FBF480A00135B70 /* Localizable.strings in Resources */ = {isa = PBXBuildFile; fileRef = B43163831FBF480A00135B70 /* Localizable.strings */; };
		B43163861FBF482A00135B70 /* Localizable.stringsdict in Resources */ = {isa = PBXBuildFile; fileRef = B43163881FBF482A00135B70 /* Localizable.stringsdict */; };
		B433DDE61FC41EBD00309974 /* EditVisheoButton.swift in Sources */ = {isa = PBXBuildFile; fileRef = B433DDE51FC41EBD00309974 /* EditVisheoButton.swift */; };
		B43E3B691FADB6BF005064D1 /* UserInputValidator.swift in Sources */ = {isa = PBXBuildFile; fileRef = B43E3B681FADB6BF005064D1 /* UserInputValidator.swift */; };
		B44450CD1FBDD82D0021772F /* FilmstripCoversCollectionMediator.swift in Sources */ = {isa = PBXBuildFile; fileRef = B44450CC1FBDD82D0021772F /* FilmstripCoversCollectionMediator.swift */; };
		B44450D01FBEDA7B0021772F /* VisheoRenderingAssets.swift in Sources */ = {isa = PBXBuildFile; fileRef = B44450CF1FBEDA7B0021772F /* VisheoRenderingAssets.swift */; };
		B44450D51FBEF3F00021772F /* PhotoPermissionsViewController.swift in Sources */ = {isa = PBXBuildFile; fileRef = B44450D41FBEF3F00021772F /* PhotoPermissionsViewController.swift */; };
		B44450D71FBEF4220021772F /* PhotoPermissionsRouter.swift in Sources */ = {isa = PBXBuildFile; fileRef = B44450D61FBEF4220021772F /* PhotoPermissionsRouter.swift */; };
		B44450D91FBEF4340021772F /* PhotoPermissionsViewModel.swift in Sources */ = {isa = PBXBuildFile; fileRef = B44450D81FBEF4340021772F /* PhotoPermissionsViewModel.swift */; };
		B44450DB1FBF02D70021772F /* PhotoPickerRouter.swift in Sources */ = {isa = PBXBuildFile; fileRef = B44450DA1FBF02D70021772F /* PhotoPickerRouter.swift */; };
		B44450DD1FBF02E50021772F /* PhotoPickerViewModel.swift in Sources */ = {isa = PBXBuildFile; fileRef = B44450DC1FBF02E50021772F /* PhotoPickerViewModel.swift */; };
		B44450DF1FBF02F60021772F /* PhotoPickerViewController.swift in Sources */ = {isa = PBXBuildFile; fileRef = B44450DE1FBF02F60021772F /* PhotoPickerViewController.swift */; };
		B44450E11FBF0B580021772F /* PhotoCollectionViewCell.swift in Sources */ = {isa = PBXBuildFile; fileRef = B44450E01FBF0B580021772F /* PhotoCollectionViewCell.swift */; };
		B44450E31FBF0F360021772F /* PhotoSelectionIndexView.swift in Sources */ = {isa = PBXBuildFile; fileRef = B44450E21FBF0F360021772F /* PhotoSelectionIndexView.swift */; };
		B453F1D11FCF05B5003D61CB /* MenuViewController.swift in Sources */ = {isa = PBXBuildFile; fileRef = B453F1D01FCF05B5003D61CB /* MenuViewController.swift */; };
		B453F1D51FCF1AB7003D61CB /* MenuRouter.swift in Sources */ = {isa = PBXBuildFile; fileRef = B453F1D41FCF1AB7003D61CB /* MenuRouter.swift */; };
		B453F1D71FCF1AC4003D61CB /* MenuViewModel.swift in Sources */ = {isa = PBXBuildFile; fileRef = B453F1D61FCF1AC4003D61CB /* MenuViewModel.swift */; };
		B453F1D91FCF1AED003D61CB /* MenuTableViewCell.swift in Sources */ = {isa = PBXBuildFile; fileRef = B453F1D81FCF1AED003D61CB /* MenuTableViewCell.swift */; };
		B453F1DB1FCF1C01003D61CB /* MenuItemViewModel.swift in Sources */ = {isa = PBXBuildFile; fileRef = B453F1DA1FCF1C01003D61CB /* MenuItemViewModel.swift */; };
		B465280C1FC346960070FFB7 /* PreviewViewModel.swift in Sources */ = {isa = PBXBuildFile; fileRef = B465280B1FC346960070FFB7 /* PreviewViewModel.swift */; };
		B465280E1FC346A30070FFB7 /* PreviewRouter.swift in Sources */ = {isa = PBXBuildFile; fileRef = B465280D1FC346A30070FFB7 /* PreviewRouter.swift */; };
		B46528101FC347100070FFB7 /* VisheoPreviewViewController.swift in Sources */ = {isa = PBXBuildFile; fileRef = B465280F1FC347100070FFB7 /* VisheoPreviewViewController.swift */; };
		B46528131FC34A0F0070FFB7 /* VisheoPreview.storyboard in Resources */ = {isa = PBXBuildFile; fileRef = B46528111FC34A0F0070FFB7 /* VisheoPreview.storyboard */; };
		B46761271FC7118F006E9CB2 /* ShareVisheoViewController.swift in Sources */ = {isa = PBXBuildFile; fileRef = B46761261FC7118F006E9CB2 /* ShareVisheoViewController.swift */; };
		B46761291FC7119D006E9CB2 /* ShareRouter.swift in Sources */ = {isa = PBXBuildFile; fileRef = B46761281FC7119D006E9CB2 /* ShareRouter.swift */; };
		B467612B1FC711BD006E9CB2 /* ShareViewModel.swift in Sources */ = {isa = PBXBuildFile; fileRef = B467612A1FC711BD006E9CB2 /* ShareViewModel.swift */; };
		B467612D1FC7367A006E9CB2 /* UserPurchasesInfo.swift in Sources */ = {isa = PBXBuildFile; fileRef = B467612C1FC7367A006E9CB2 /* UserPurchasesInfo.swift */; };
		B475CEDB1FBDA93700808909 /* PagedCoverCollectionMediator.swift in Sources */ = {isa = PBXBuildFile; fileRef = B475CEDA1FBDA93700808909 /* PagedCoverCollectionMediator.swift */; };
		B48259031FB3060800A7F5B0 /* OccasionsListService.swift in Sources */ = {isa = PBXBuildFile; fileRef = B48259021FB3060800A7F5B0 /* OccasionsListService.swift */; };
		B48AAAB71FA9E574000BB33B /* AppDelegate.swift in Sources */ = {isa = PBXBuildFile; fileRef = B48AAAB51FA9E574000BB33B /* AppDelegate.swift */; };
		B48AAABF1FA9E58F000BB33B /* Assets.xcassets in Resources */ = {isa = PBXBuildFile; fileRef = B48AAABA1FA9E58F000BB33B /* Assets.xcassets */; };
		B48AAAC01FA9E58F000BB33B /* LaunchScreen.storyboard in Resources */ = {isa = PBXBuildFile; fileRef = B48AAABB1FA9E58F000BB33B /* LaunchScreen.storyboard */; };
		B48AAAC11FA9E58F000BB33B /* LaunchProxy.storyboard in Resources */ = {isa = PBXBuildFile; fileRef = B48AAABD1FA9E58F000BB33B /* LaunchProxy.storyboard */; };
		B48AAAC71FA9E650000BB33B /* Roboto-Bold.ttf in Resources */ = {isa = PBXBuildFile; fileRef = B48AAAC41FA9E650000BB33B /* Roboto-Bold.ttf */; };
		B48AAAC81FA9E650000BB33B /* Roboto-Medium.ttf in Resources */ = {isa = PBXBuildFile; fileRef = B48AAAC51FA9E650000BB33B /* Roboto-Medium.ttf */; };
		B48AAAC91FA9E650000BB33B /* Roboto-Regular.ttf in Resources */ = {isa = PBXBuildFile; fileRef = B48AAAC61FA9E650000BB33B /* Roboto-Regular.ttf */; };
		B48AAAD21FAA03CC000BB33B /* RootViewControllerSegue.swift in Sources */ = {isa = PBXBuildFile; fileRef = B48AAACF1FAA03CC000BB33B /* RootViewControllerSegue.swift */; };
		B48AAAD31FAA03CC000BB33B /* UIView+LayerInspectable.swift in Sources */ = {isa = PBXBuildFile; fileRef = B48AAAD11FAA03CC000BB33B /* UIView+LayerInspectable.swift */; };
		B48AAAD81FAA0AE2000BB33B /* SegueList.swift in Sources */ = {isa = PBXBuildFile; fileRef = B48AAAD61FAA0AE1000BB33B /* SegueList.swift */; };
		B48AAAD91FAA0AE2000BB33B /* Routing.swift in Sources */ = {isa = PBXBuildFile; fileRef = B48AAAD71FAA0AE2000BB33B /* Routing.swift */; };
		B4A79CEE1FAC81D500C208CF /* AuthorizationService.swift in Sources */ = {isa = PBXBuildFile; fileRef = B4A79CED1FAC81D500C208CF /* AuthorizationService.swift */; };
		B4A79CF11FAC927200C208CF /* Main.storyboard in Resources */ = {isa = PBXBuildFile; fileRef = B4A79CEF1FAC927200C208CF /* Main.storyboard */; };
		B4A79CF31FACB81F00C208CF /* UIViewController+Alert.swift in Sources */ = {isa = PBXBuildFile; fileRef = B4A79CF21FACB81F00C208CF /* UIViewController+Alert.swift */; };
		B4AEE0E21FD01F1B0043A39A /* RouterAsembly.swift in Sources */ = {isa = PBXBuildFile; fileRef = B4AEE0E11FD01F1B0043A39A /* RouterAsembly.swift */; };
		B4B9D1AD1FA8D4D100CBD7DB /* GoogleService-Info.plist in Resources */ = {isa = PBXBuildFile; fileRef = B4B9D1AC1FA8D4D000CBD7DB /* GoogleService-Info.plist */; };
		B4BCABEB1FB8CC7D003EDC7F /* AuthorizationViewController.swift in Sources */ = {isa = PBXBuildFile; fileRef = B4BCABC71FB8CC7C003EDC7F /* AuthorizationViewController.swift */; };
		B4BCABEC1FB8CC7D003EDC7F /* AuthorizationRouter.swift in Sources */ = {isa = PBXBuildFile; fileRef = B4BCABC91FB8CC7C003EDC7F /* AuthorizationRouter.swift */; };
		B4BCABED1FB8CC7D003EDC7F /* SignInRouter.swift in Sources */ = {isa = PBXBuildFile; fileRef = B4BCABCA1FB8CC7C003EDC7F /* SignInRouter.swift */; };
		B4BCABEE1FB8CC7D003EDC7F /* SignUpRouter.swift in Sources */ = {isa = PBXBuildFile; fileRef = B4BCABCB1FB8CC7C003EDC7F /* SignUpRouter.swift */; };
		B4BCABEF1FB8CC7D003EDC7F /* SignInViewController.swift in Sources */ = {isa = PBXBuildFile; fileRef = B4BCABCC1FB8CC7C003EDC7F /* SignInViewController.swift */; };
		B4BCABF01FB8CC7D003EDC7F /* SignUpViewController.swift in Sources */ = {isa = PBXBuildFile; fileRef = B4BCABCD1FB8CC7C003EDC7F /* SignUpViewController.swift */; };
		B4BCABF11FB8CC7D003EDC7F /* AuthorizationViewModel.swift in Sources */ = {isa = PBXBuildFile; fileRef = B4BCABCF1FB8CC7C003EDC7F /* AuthorizationViewModel.swift */; };
		B4BCABF21FB8CC7D003EDC7F /* SignInViewModel.swift in Sources */ = {isa = PBXBuildFile; fileRef = B4BCABD01FB8CC7C003EDC7F /* SignInViewModel.swift */; };
		B4BCABF31FB8CC7D003EDC7F /* SignUpViewModel.swift in Sources */ = {isa = PBXBuildFile; fileRef = B4BCABD11FB8CC7C003EDC7F /* SignUpViewModel.swift */; };
		B4BCABF41FB8CC7D003EDC7F /* HolidayCollectionViewCell.swift in Sources */ = {isa = PBXBuildFile; fileRef = B4BCABD41FB8CC7C003EDC7F /* HolidayCollectionViewCell.swift */; };
		B4BCABF51FB8CC7D003EDC7F /* OccassionCollectionViewCell.swift in Sources */ = {isa = PBXBuildFile; fileRef = B4BCABD51FB8CC7C003EDC7F /* OccassionCollectionViewCell.swift */; };
		B4BCABF61FB8CC7D003EDC7F /* ChooseOccasionViewController.swift in Sources */ = {isa = PBXBuildFile; fileRef = B4BCABD61FB8CC7C003EDC7F /* ChooseOccasionViewController.swift */; };
		B4BCABF71FB8CC7D003EDC7F /* HolidaysCollectionMediator.swift in Sources */ = {isa = PBXBuildFile; fileRef = B4BCABD71FB8CC7C003EDC7F /* HolidaysCollectionMediator.swift */; };
		B4BCABF81FB8CC7D003EDC7F /* OccassionsCollectionMediator.swift in Sources */ = {isa = PBXBuildFile; fileRef = B4BCABD81FB8CC7C003EDC7F /* OccassionsCollectionMediator.swift */; };
		B4BCABF91FB8CC7D003EDC7F /* ChooseOccasionRouter.swift in Sources */ = {isa = PBXBuildFile; fileRef = B4BCABDA1FB8CC7C003EDC7F /* ChooseOccasionRouter.swift */; };
		B4BCABFA1FB8CC7D003EDC7F /* ChooseOccasionViewModel.swift in Sources */ = {isa = PBXBuildFile; fileRef = B4BCABDC1FB8CC7C003EDC7F /* ChooseOccasionViewModel.swift */; };
		B4BCABFB1FB8CC7D003EDC7F /* HolidayCellViewModel.swift in Sources */ = {isa = PBXBuildFile; fileRef = B4BCABDD1FB8CC7C003EDC7F /* HolidayCellViewModel.swift */; };
		B4BCABFC1FB8CC7D003EDC7F /* OccasionCellViewModel.swift in Sources */ = {isa = PBXBuildFile; fileRef = B4BCABDE1FB8CC7C003EDC7F /* OccasionCellViewModel.swift */; };
		B4BCABFD1FB8CC7D003EDC7F /* LaunchProxyViewController.swift in Sources */ = {isa = PBXBuildFile; fileRef = B4BCABE01FB8CC7C003EDC7F /* LaunchProxyViewController.swift */; };
		B4BCABFE1FB8CC7D003EDC7F /* LaunchProxyRouter.swift in Sources */ = {isa = PBXBuildFile; fileRef = B4BCABE21FB8CC7C003EDC7F /* LaunchProxyRouter.swift */; };
		B4BCABFF1FB8CC7D003EDC7F /* LaunchProxyViewModel.swift in Sources */ = {isa = PBXBuildFile; fileRef = B4BCABE41FB8CC7C003EDC7F /* LaunchProxyViewModel.swift */; };
		B4BCAC001FB8CC7D003EDC7F /* OnboardingViewController.swift in Sources */ = {isa = PBXBuildFile; fileRef = B4BCABE61FB8CC7C003EDC7F /* OnboardingViewController.swift */; };
		B4BCAC011FB8CC7D003EDC7F /* OnboardingRouter.swift in Sources */ = {isa = PBXBuildFile; fileRef = B4BCABE81FB8CC7C003EDC7F /* OnboardingRouter.swift */; };
		B4BCAC021FB8CC7D003EDC7F /* OnboardingViewModel.swift in Sources */ = {isa = PBXBuildFile; fileRef = B4BCABEA1FB8CC7C003EDC7F /* OnboardingViewModel.swift */; };
		B4BCAC071FB8CDFB003EDC7F /* SelectCoverViewController.swift in Sources */ = {isa = PBXBuildFile; fileRef = B4BCAC061FB8CDFB003EDC7F /* SelectCoverViewController.swift */; };
		B4BCAC091FB8CE09003EDC7F /* SelectCoverRouter.swift in Sources */ = {isa = PBXBuildFile; fileRef = B4BCAC081FB8CE09003EDC7F /* SelectCoverRouter.swift */; };
		B4BCAC0B1FB8CE18003EDC7F /* SelectCoverViewModel.swift in Sources */ = {isa = PBXBuildFile; fileRef = B4BCAC0A1FB8CE18003EDC7F /* SelectCoverViewModel.swift */; };
		B4BCAC0D1FB8D59A003EDC7F /* CoverCollectionViewCell.swift in Sources */ = {isa = PBXBuildFile; fileRef = B4BCAC0C1FB8D599003EDC7F /* CoverCollectionViewCell.swift */; };
		B4BCAC0F1FB8D5D0003EDC7F /* CoverCellViewModel.swift in Sources */ = {isa = PBXBuildFile; fileRef = B4BCAC0E1FB8D5D0003EDC7F /* CoverCellViewModel.swift */; };
		B4CF320F1FC87E540063AA52 /* VisheoCreationService.swift in Sources */ = {isa = PBXBuildFile; fileRef = B4CF320E1FC87E540063AA52 /* VisheoCreationService.swift */; };
		B4CFB7711FAB4A7900D6E73A /* Authentification.storyboard in Resources */ = {isa = PBXBuildFile; fileRef = B4CFB76F1FAB4A7900D6E73A /* Authentification.storyboard */; };
		B4DA3E7D1FAA3C1800D8F2F9 /* AppStateService.swift in Sources */ = {isa = PBXBuildFile; fileRef = B4DA3E7C1FAA3C1800D8F2F9 /* AppStateService.swift */; };
		B4F63DBC1FC83D4100E05B90 /* LabeledProgressView.swift in Sources */ = {isa = PBXBuildFile; fileRef = B4F63DBB1FC83D4100E05B90 /* LabeledProgressView.swift */; };
		B4F63DC01FC85FDB00E05B90 /* VisheoRenderingService.swift in Sources */ = {isa = PBXBuildFile; fileRef = B4F63DBF1FC85FDA00E05B90 /* VisheoRenderingService.swift */; };
		B4F666251FC1C9ED00B68055 /* VideoTrimmingRouter.swift in Sources */ = {isa = PBXBuildFile; fileRef = B4F666241FC1C9ED00B68055 /* VideoTrimmingRouter.swift */; };
		B4F666271FC1C9FB00B68055 /* VideoTrimmingViewModel.swift in Sources */ = {isa = PBXBuildFile; fileRef = B4F666261FC1C9FB00B68055 /* VideoTrimmingViewModel.swift */; };
		B4F666291FC1CA1200B68055 /* VideoTrimmingViewController.swift in Sources */ = {isa = PBXBuildFile; fileRef = B4F666281FC1CA1200B68055 /* VideoTrimmingViewController.swift */; };
		D4D60DB38EDB3A168B57C72A /* Pods_Visheo.framework in Frameworks */ = {isa = PBXBuildFile; fileRef = 0C552B2E7D9952379B5D8A43 /* Pods_Visheo.framework */; };
/* End PBXBuildFile section */

/* Begin PBXContainerItemProxy section */
		924DEB851FC3B22B00B04EE8 /* PBXContainerItemProxy */ = {
			isa = PBXContainerItemProxy;
			containerPortal = 924DEB7F1FC3B22B00B04EE8 /* visheo.xcodeproj */;
			proxyType = 2;
			remoteGlobalIDString = 928B4AD71FA7897B001499F4;
			remoteInfo = visheo;
		};
		924DEB871FC3B22B00B04EE8 /* PBXContainerItemProxy */ = {
			isa = PBXContainerItemProxy;
			containerPortal = 924DEB7F1FC3B22B00B04EE8 /* visheo.xcodeproj */;
			proxyType = 2;
			remoteGlobalIDString = 928B4AF21FA78AAF001499F4;
			remoteInfo = visheoTests;
		};
		924DEB891FC3B22B00B04EE8 /* PBXContainerItemProxy */ = {
			isa = PBXContainerItemProxy;
			containerPortal = 924DEB7F1FC3B22B00B04EE8 /* visheo.xcodeproj */;
			proxyType = 2;
			remoteGlobalIDString = 929A19261FA8D46800363CC9;
			remoteInfo = VisheoVideo;
		};
		92EF8E861FC4190D005926E5 /* PBXContainerItemProxy */ = {
			isa = PBXContainerItemProxy;
			containerPortal = 924DEB7F1FC3B22B00B04EE8 /* visheo.xcodeproj */;
			proxyType = 1;
			remoteGlobalIDString = 929A19251FA8D46800363CC9;
			remoteInfo = VisheoVideo;
		};
/* End PBXContainerItemProxy section */

/* Begin PBXCopyFilesBuildPhase section */
		92EF8E881FC4190D005926E5 /* Embed Frameworks */ = {
			isa = PBXCopyFilesBuildPhase;
			buildActionMask = 2147483647;
			dstPath = "";
			dstSubfolderSpec = 10;
			files = (
				92EF8E851FC4190D005926E5 /* VisheoVideo.framework in Embed Frameworks */,
			);
			name = "Embed Frameworks";
			runOnlyForDeploymentPostprocessing = 0;
		};
/* End PBXCopyFilesBuildPhase section */

/* Begin PBXFileReference section */
		0C552B2E7D9952379B5D8A43 /* Pods_Visheo.framework */ = {isa = PBXFileReference; explicitFileType = wrapper.framework; includeInIndex = 0; path = Pods_Visheo.framework; sourceTree = BUILT_PRODUCTS_DIR; };
		924DEB7F1FC3B22B00B04EE8 /* visheo.xcodeproj */ = {isa = PBXFileReference; lastKnownFileType = "wrapper.pb-project"; name = visheo.xcodeproj; path = Frameworks/visheo/visheo.xcodeproj; sourceTree = "<group>"; };
		9255DF0D1FCD9EC200F9815F /* AppSettings.swift */ = {isa = PBXFileReference; lastKnownFileType = sourcecode.swift; path = AppSettings.swift; sourceTree = "<group>"; };
		9255DF111FCDA5A200F9815F /* app_settings.plist */ = {isa = PBXFileReference; lastKnownFileType = text.plist.xml; path = app_settings.plist; sourceTree = "<group>"; };
		9255DF131FCDBE2800F9815F /* VisheoMovieWriter.swift */ = {isa = PBXFileReference; lastKnownFileType = sourcecode.swift; path = VisheoMovieWriter.swift; sourceTree = "<group>"; };
		9262CBAA1FBDF71A00F90AB3 /* CameraViewController.swift */ = {isa = PBXFileReference; fileEncoding = 4; lastKnownFileType = sourcecode.swift; path = CameraViewController.swift; sourceTree = "<group>"; };
		9262CBAD1FBDF98300F90AB3 /* CameraRouter.swift */ = {isa = PBXFileReference; lastKnownFileType = sourcecode.swift; path = CameraRouter.swift; sourceTree = "<group>"; };
		9262CBB01FBDFA5600F90AB3 /* CameraViewModel.swift */ = {isa = PBXFileReference; lastKnownFileType = sourcecode.swift; path = CameraViewModel.swift; sourceTree = "<group>"; };
		9262CBB21FBE139700F90AB3 /* CameraRecordButton.swift */ = {isa = PBXFileReference; lastKnownFileType = sourcecode.swift; path = CameraRecordButton.swift; sourceTree = "<group>"; };
		92A8D3081FC85FA6001E194D /* VisheoPreviewView.swift */ = {isa = PBXFileReference; lastKnownFileType = sourcecode.swift; path = VisheoPreviewView.swift; sourceTree = "<group>"; };
		92A8D30B1FC86E86001E194D /* beginning.m4a */ = {isa = PBXFileReference; lastKnownFileType = file; path = beginning.m4a; sourceTree = "<group>"; };
		92A8D30C1FC86E86001E194D /* blank.m4v */ = {isa = PBXFileReference; lastKnownFileType = file; path = blank.m4v; sourceTree = "<group>"; };
		92C006601FC0B49E000AFD4E /* CameraPermissionsViewModel.swift */ = {isa = PBXFileReference; lastKnownFileType = sourcecode.swift; path = CameraPermissionsViewModel.swift; sourceTree = "<group>"; };
		92C006621FC0B4AC000AFD4E /* CameraPermissionsRouter.swift */ = {isa = PBXFileReference; lastKnownFileType = sourcecode.swift; path = CameraPermissionsRouter.swift; sourceTree = "<group>"; };
		92C006641FC0B4BE000AFD4E /* CameraPermissionsViewController.swift */ = {isa = PBXFileReference; lastKnownFileType = sourcecode.swift; path = CameraPermissionsViewController.swift; sourceTree = "<group>"; };
		92DEDBAC1FC01ACD00C7FBB1 /* CameraTipsView.swift */ = {isa = PBXFileReference; lastKnownFileType = sourcecode.swift; path = CameraTipsView.swift; sourceTree = "<group>"; };
		92DEDBAF1FC0598400C7FBB1 /* Base */ = {isa = PBXFileReference; lastKnownFileType = file.storyboard; name = Base; path = Base.lproj/Camera.storyboard; sourceTree = "<group>"; };
		92DEDBB21FC0599100C7FBB1 /* Base */ = {isa = PBXFileReference; lastKnownFileType = file.xib; name = Base; path = Base.lproj/CameraTips.xib; sourceTree = "<group>"; };
		92DEDBB41FC0670B00C7FBB1 /* CameraRecordIndicator.swift */ = {isa = PBXFileReference; lastKnownFileType = sourcecode.swift; path = CameraRecordIndicator.swift; sourceTree = "<group>"; };
		B409B3A41FADBC2100FE43F1 /* ViewModels.swift */ = {isa = PBXFileReference; lastKnownFileType = sourcecode.swift; path = ViewModels.swift; sourceTree = "<group>"; };
		B420ADC01FC1A2D500ECA590 /* AppPermissionsService.swift */ = {isa = PBXFileReference; lastKnownFileType = sourcecode.swift; path = AppPermissionsService.swift; sourceTree = "<group>"; };
		B42A29881FB1F8CE00A8741F /* HolidayDateLabel.swift */ = {isa = PBXFileReference; lastKnownFileType = sourcecode.swift; path = HolidayDateLabel.swift; sourceTree = "<group>"; };
		B43163821FBF480A00135B70 /* en */ = {isa = PBXFileReference; lastKnownFileType = text.plist.strings; name = en; path = en.lproj/Localizable.strings; sourceTree = "<group>"; };
		B43163871FBF482A00135B70 /* en */ = {isa = PBXFileReference; lastKnownFileType = text.plist.stringsdict; name = en; path = en.lproj/Localizable.stringsdict; sourceTree = "<group>"; };
		B433DDE51FC41EBD00309974 /* EditVisheoButton.swift */ = {isa = PBXFileReference; lastKnownFileType = sourcecode.swift; path = EditVisheoButton.swift; sourceTree = "<group>"; };
		B43E3B681FADB6BF005064D1 /* UserInputValidator.swift */ = {isa = PBXFileReference; lastKnownFileType = sourcecode.swift; path = UserInputValidator.swift; sourceTree = "<group>"; };
		B44450CC1FBDD82D0021772F /* FilmstripCoversCollectionMediator.swift */ = {isa = PBXFileReference; lastKnownFileType = sourcecode.swift; path = FilmstripCoversCollectionMediator.swift; sourceTree = "<group>"; };
		B44450CF1FBEDA7B0021772F /* VisheoRenderingAssets.swift */ = {isa = PBXFileReference; lastKnownFileType = sourcecode.swift; path = VisheoRenderingAssets.swift; sourceTree = "<group>"; };
		B44450D41FBEF3F00021772F /* PhotoPermissionsViewController.swift */ = {isa = PBXFileReference; lastKnownFileType = sourcecode.swift; path = PhotoPermissionsViewController.swift; sourceTree = "<group>"; };
		B44450D61FBEF4220021772F /* PhotoPermissionsRouter.swift */ = {isa = PBXFileReference; lastKnownFileType = sourcecode.swift; path = PhotoPermissionsRouter.swift; sourceTree = "<group>"; };
		B44450D81FBEF4340021772F /* PhotoPermissionsViewModel.swift */ = {isa = PBXFileReference; lastKnownFileType = sourcecode.swift; path = PhotoPermissionsViewModel.swift; sourceTree = "<group>"; };
		B44450DA1FBF02D70021772F /* PhotoPickerRouter.swift */ = {isa = PBXFileReference; lastKnownFileType = sourcecode.swift; path = PhotoPickerRouter.swift; sourceTree = "<group>"; };
		B44450DC1FBF02E50021772F /* PhotoPickerViewModel.swift */ = {isa = PBXFileReference; lastKnownFileType = sourcecode.swift; path = PhotoPickerViewModel.swift; sourceTree = "<group>"; };
		B44450DE1FBF02F60021772F /* PhotoPickerViewController.swift */ = {isa = PBXFileReference; lastKnownFileType = sourcecode.swift; path = PhotoPickerViewController.swift; sourceTree = "<group>"; };
		B44450E01FBF0B580021772F /* PhotoCollectionViewCell.swift */ = {isa = PBXFileReference; lastKnownFileType = sourcecode.swift; path = PhotoCollectionViewCell.swift; sourceTree = "<group>"; };
		B44450E21FBF0F360021772F /* PhotoSelectionIndexView.swift */ = {isa = PBXFileReference; lastKnownFileType = sourcecode.swift; path = PhotoSelectionIndexView.swift; sourceTree = "<group>"; };
		B453F1D01FCF05B5003D61CB /* MenuViewController.swift */ = {isa = PBXFileReference; lastKnownFileType = sourcecode.swift; path = MenuViewController.swift; sourceTree = "<group>"; };
		B453F1D41FCF1AB7003D61CB /* MenuRouter.swift */ = {isa = PBXFileReference; lastKnownFileType = sourcecode.swift; path = MenuRouter.swift; sourceTree = "<group>"; };
		B453F1D61FCF1AC4003D61CB /* MenuViewModel.swift */ = {isa = PBXFileReference; lastKnownFileType = sourcecode.swift; path = MenuViewModel.swift; sourceTree = "<group>"; };
		B453F1D81FCF1AED003D61CB /* MenuTableViewCell.swift */ = {isa = PBXFileReference; lastKnownFileType = sourcecode.swift; path = MenuTableViewCell.swift; sourceTree = "<group>"; };
		B453F1DA1FCF1C01003D61CB /* MenuItemViewModel.swift */ = {isa = PBXFileReference; lastKnownFileType = sourcecode.swift; path = MenuItemViewModel.swift; sourceTree = "<group>"; };
		B465280B1FC346960070FFB7 /* PreviewViewModel.swift */ = {isa = PBXFileReference; lastKnownFileType = sourcecode.swift; path = PreviewViewModel.swift; sourceTree = "<group>"; };
		B465280D1FC346A30070FFB7 /* PreviewRouter.swift */ = {isa = PBXFileReference; lastKnownFileType = sourcecode.swift; path = PreviewRouter.swift; sourceTree = "<group>"; };
		B465280F1FC347100070FFB7 /* VisheoPreviewViewController.swift */ = {isa = PBXFileReference; lastKnownFileType = sourcecode.swift; path = VisheoPreviewViewController.swift; sourceTree = "<group>"; };
		B46528121FC34A0F0070FFB7 /* Base */ = {isa = PBXFileReference; lastKnownFileType = file.storyboard; name = Base; path = Base.lproj/VisheoPreview.storyboard; sourceTree = "<group>"; };
		B46761261FC7118F006E9CB2 /* ShareVisheoViewController.swift */ = {isa = PBXFileReference; lastKnownFileType = sourcecode.swift; path = ShareVisheoViewController.swift; sourceTree = "<group>"; };
		B46761281FC7119D006E9CB2 /* ShareRouter.swift */ = {isa = PBXFileReference; lastKnownFileType = sourcecode.swift; path = ShareRouter.swift; sourceTree = "<group>"; };
		B467612A1FC711BD006E9CB2 /* ShareViewModel.swift */ = {isa = PBXFileReference; lastKnownFileType = sourcecode.swift; name = ShareViewModel.swift; path = Visheo/Sources/Screens/VisheoScreen/ViewModel/ShareViewModel.swift; sourceTree = SOURCE_ROOT; };
		B467612C1FC7367A006E9CB2 /* UserPurchasesInfo.swift */ = {isa = PBXFileReference; lastKnownFileType = sourcecode.swift; path = UserPurchasesInfo.swift; sourceTree = "<group>"; };
		B475CEDA1FBDA93700808909 /* PagedCoverCollectionMediator.swift */ = {isa = PBXFileReference; lastKnownFileType = sourcecode.swift; path = PagedCoverCollectionMediator.swift; sourceTree = "<group>"; };
		B48259021FB3060800A7F5B0 /* OccasionsListService.swift */ = {isa = PBXFileReference; lastKnownFileType = sourcecode.swift; path = OccasionsListService.swift; sourceTree = "<group>"; };
		B48AAAB51FA9E574000BB33B /* AppDelegate.swift */ = {isa = PBXFileReference; fileEncoding = 4; lastKnownFileType = sourcecode.swift; path = AppDelegate.swift; sourceTree = "<group>"; };
		B48AAABA1FA9E58F000BB33B /* Assets.xcassets */ = {isa = PBXFileReference; lastKnownFileType = folder.assetcatalog; path = Assets.xcassets; sourceTree = "<group>"; };
		B48AAABC1FA9E58F000BB33B /* Base */ = {isa = PBXFileReference; lastKnownFileType = file.storyboard; name = Base; path = Base.lproj/LaunchScreen.storyboard; sourceTree = "<group>"; };
		B48AAABE1FA9E58F000BB33B /* Base */ = {isa = PBXFileReference; lastKnownFileType = file.storyboard; name = Base; path = Base.lproj/LaunchProxy.storyboard; sourceTree = "<group>"; };
		B48AAAC41FA9E650000BB33B /* Roboto-Bold.ttf */ = {isa = PBXFileReference; lastKnownFileType = file; path = "Roboto-Bold.ttf"; sourceTree = "<group>"; };
		B48AAAC51FA9E650000BB33B /* Roboto-Medium.ttf */ = {isa = PBXFileReference; lastKnownFileType = file; path = "Roboto-Medium.ttf"; sourceTree = "<group>"; };
		B48AAAC61FA9E650000BB33B /* Roboto-Regular.ttf */ = {isa = PBXFileReference; lastKnownFileType = file; path = "Roboto-Regular.ttf"; sourceTree = "<group>"; };
		B48AAACF1FAA03CC000BB33B /* RootViewControllerSegue.swift */ = {isa = PBXFileReference; fileEncoding = 4; lastKnownFileType = sourcecode.swift; path = RootViewControllerSegue.swift; sourceTree = "<group>"; };
		B48AAAD11FAA03CC000BB33B /* UIView+LayerInspectable.swift */ = {isa = PBXFileReference; fileEncoding = 4; lastKnownFileType = sourcecode.swift; path = "UIView+LayerInspectable.swift"; sourceTree = "<group>"; };
		B48AAAD61FAA0AE1000BB33B /* SegueList.swift */ = {isa = PBXFileReference; fileEncoding = 4; lastKnownFileType = sourcecode.swift; path = SegueList.swift; sourceTree = "<group>"; };
		B48AAAD71FAA0AE2000BB33B /* Routing.swift */ = {isa = PBXFileReference; fileEncoding = 4; lastKnownFileType = sourcecode.swift; path = Routing.swift; sourceTree = "<group>"; };
		B4A79CE91FAB82D500C208CF /* Visheo-Bridging-Header.h */ = {isa = PBXFileReference; lastKnownFileType = sourcecode.c.h; path = "Visheo-Bridging-Header.h"; sourceTree = "<group>"; };
		B4A79CED1FAC81D500C208CF /* AuthorizationService.swift */ = {isa = PBXFileReference; lastKnownFileType = sourcecode.swift; path = AuthorizationService.swift; sourceTree = "<group>"; };
		B4A79CF01FAC927200C208CF /* Base */ = {isa = PBXFileReference; lastKnownFileType = file.storyboard; name = Base; path = Base.lproj/Main.storyboard; sourceTree = "<group>"; };
		B4A79CF21FACB81F00C208CF /* UIViewController+Alert.swift */ = {isa = PBXFileReference; fileEncoding = 4; lastKnownFileType = sourcecode.swift; path = "UIViewController+Alert.swift"; sourceTree = "<group>"; };
		B4AEE0E11FD01F1B0043A39A /* RouterAsembly.swift */ = {isa = PBXFileReference; lastKnownFileType = sourcecode.swift; path = RouterAsembly.swift; sourceTree = "<group>"; };
		B4B9D1961FA8A52300CBD7DB /* Visheo.app */ = {isa = PBXFileReference; explicitFileType = wrapper.application; includeInIndex = 0; path = Visheo.app; sourceTree = BUILT_PRODUCTS_DIR; };
		B4B9D1A51FA8A52300CBD7DB /* Info.plist */ = {isa = PBXFileReference; lastKnownFileType = text.plist.xml; path = Info.plist; sourceTree = "<group>"; };
		B4B9D1AC1FA8D4D000CBD7DB /* GoogleService-Info.plist */ = {isa = PBXFileReference; fileEncoding = 4; lastKnownFileType = text.plist.xml; path = "GoogleService-Info.plist"; sourceTree = "<group>"; };
		B4BCABC71FB8CC7C003EDC7F /* AuthorizationViewController.swift */ = {isa = PBXFileReference; fileEncoding = 4; lastKnownFileType = sourcecode.swift; path = AuthorizationViewController.swift; sourceTree = "<group>"; };
		B4BCABC91FB8CC7C003EDC7F /* AuthorizationRouter.swift */ = {isa = PBXFileReference; fileEncoding = 4; lastKnownFileType = sourcecode.swift; path = AuthorizationRouter.swift; sourceTree = "<group>"; };
		B4BCABCA1FB8CC7C003EDC7F /* SignInRouter.swift */ = {isa = PBXFileReference; fileEncoding = 4; lastKnownFileType = sourcecode.swift; path = SignInRouter.swift; sourceTree = "<group>"; };
		B4BCABCB1FB8CC7C003EDC7F /* SignUpRouter.swift */ = {isa = PBXFileReference; fileEncoding = 4; lastKnownFileType = sourcecode.swift; path = SignUpRouter.swift; sourceTree = "<group>"; };
		B4BCABCC1FB8CC7C003EDC7F /* SignInViewController.swift */ = {isa = PBXFileReference; fileEncoding = 4; lastKnownFileType = sourcecode.swift; path = SignInViewController.swift; sourceTree = "<group>"; };
		B4BCABCD1FB8CC7C003EDC7F /* SignUpViewController.swift */ = {isa = PBXFileReference; fileEncoding = 4; lastKnownFileType = sourcecode.swift; path = SignUpViewController.swift; sourceTree = "<group>"; };
		B4BCABCF1FB8CC7C003EDC7F /* AuthorizationViewModel.swift */ = {isa = PBXFileReference; fileEncoding = 4; lastKnownFileType = sourcecode.swift; path = AuthorizationViewModel.swift; sourceTree = "<group>"; };
		B4BCABD01FB8CC7C003EDC7F /* SignInViewModel.swift */ = {isa = PBXFileReference; fileEncoding = 4; lastKnownFileType = sourcecode.swift; path = SignInViewModel.swift; sourceTree = "<group>"; };
		B4BCABD11FB8CC7C003EDC7F /* SignUpViewModel.swift */ = {isa = PBXFileReference; fileEncoding = 4; lastKnownFileType = sourcecode.swift; path = SignUpViewModel.swift; sourceTree = "<group>"; };
		B4BCABD41FB8CC7C003EDC7F /* HolidayCollectionViewCell.swift */ = {isa = PBXFileReference; fileEncoding = 4; lastKnownFileType = sourcecode.swift; path = HolidayCollectionViewCell.swift; sourceTree = "<group>"; };
		B4BCABD51FB8CC7C003EDC7F /* OccassionCollectionViewCell.swift */ = {isa = PBXFileReference; fileEncoding = 4; lastKnownFileType = sourcecode.swift; path = OccassionCollectionViewCell.swift; sourceTree = "<group>"; };
		B4BCABD61FB8CC7C003EDC7F /* ChooseOccasionViewController.swift */ = {isa = PBXFileReference; fileEncoding = 4; lastKnownFileType = sourcecode.swift; path = ChooseOccasionViewController.swift; sourceTree = "<group>"; };
		B4BCABD71FB8CC7C003EDC7F /* HolidaysCollectionMediator.swift */ = {isa = PBXFileReference; fileEncoding = 4; lastKnownFileType = sourcecode.swift; path = HolidaysCollectionMediator.swift; sourceTree = "<group>"; };
		B4BCABD81FB8CC7C003EDC7F /* OccassionsCollectionMediator.swift */ = {isa = PBXFileReference; fileEncoding = 4; lastKnownFileType = sourcecode.swift; path = OccassionsCollectionMediator.swift; sourceTree = "<group>"; };
		B4BCABDA1FB8CC7C003EDC7F /* ChooseOccasionRouter.swift */ = {isa = PBXFileReference; fileEncoding = 4; lastKnownFileType = sourcecode.swift; path = ChooseOccasionRouter.swift; sourceTree = "<group>"; };
		B4BCABDC1FB8CC7C003EDC7F /* ChooseOccasionViewModel.swift */ = {isa = PBXFileReference; fileEncoding = 4; lastKnownFileType = sourcecode.swift; path = ChooseOccasionViewModel.swift; sourceTree = "<group>"; };
		B4BCABDD1FB8CC7C003EDC7F /* HolidayCellViewModel.swift */ = {isa = PBXFileReference; fileEncoding = 4; lastKnownFileType = sourcecode.swift; path = HolidayCellViewModel.swift; sourceTree = "<group>"; };
		B4BCABDE1FB8CC7C003EDC7F /* OccasionCellViewModel.swift */ = {isa = PBXFileReference; fileEncoding = 4; lastKnownFileType = sourcecode.swift; path = OccasionCellViewModel.swift; sourceTree = "<group>"; };
		B4BCABE01FB8CC7C003EDC7F /* LaunchProxyViewController.swift */ = {isa = PBXFileReference; fileEncoding = 4; lastKnownFileType = sourcecode.swift; path = LaunchProxyViewController.swift; sourceTree = "<group>"; };
		B4BCABE21FB8CC7C003EDC7F /* LaunchProxyRouter.swift */ = {isa = PBXFileReference; fileEncoding = 4; lastKnownFileType = sourcecode.swift; path = LaunchProxyRouter.swift; sourceTree = "<group>"; };
		B4BCABE41FB8CC7C003EDC7F /* LaunchProxyViewModel.swift */ = {isa = PBXFileReference; fileEncoding = 4; lastKnownFileType = sourcecode.swift; path = LaunchProxyViewModel.swift; sourceTree = "<group>"; };
		B4BCABE61FB8CC7C003EDC7F /* OnboardingViewController.swift */ = {isa = PBXFileReference; fileEncoding = 4; lastKnownFileType = sourcecode.swift; path = OnboardingViewController.swift; sourceTree = "<group>"; };
		B4BCABE81FB8CC7C003EDC7F /* OnboardingRouter.swift */ = {isa = PBXFileReference; fileEncoding = 4; lastKnownFileType = sourcecode.swift; path = OnboardingRouter.swift; sourceTree = "<group>"; };
		B4BCABEA1FB8CC7C003EDC7F /* OnboardingViewModel.swift */ = {isa = PBXFileReference; fileEncoding = 4; lastKnownFileType = sourcecode.swift; path = OnboardingViewModel.swift; sourceTree = "<group>"; };
		B4BCAC061FB8CDFB003EDC7F /* SelectCoverViewController.swift */ = {isa = PBXFileReference; lastKnownFileType = sourcecode.swift; path = SelectCoverViewController.swift; sourceTree = "<group>"; };
		B4BCAC081FB8CE09003EDC7F /* SelectCoverRouter.swift */ = {isa = PBXFileReference; lastKnownFileType = sourcecode.swift; path = SelectCoverRouter.swift; sourceTree = "<group>"; };
		B4BCAC0A1FB8CE18003EDC7F /* SelectCoverViewModel.swift */ = {isa = PBXFileReference; lastKnownFileType = sourcecode.swift; path = SelectCoverViewModel.swift; sourceTree = "<group>"; };
		B4BCAC0C1FB8D599003EDC7F /* CoverCollectionViewCell.swift */ = {isa = PBXFileReference; lastKnownFileType = sourcecode.swift; path = CoverCollectionViewCell.swift; sourceTree = "<group>"; };
		B4BCAC0E1FB8D5D0003EDC7F /* CoverCellViewModel.swift */ = {isa = PBXFileReference; lastKnownFileType = sourcecode.swift; path = CoverCellViewModel.swift; sourceTree = "<group>"; };
		B4CF320E1FC87E540063AA52 /* VisheoCreationService.swift */ = {isa = PBXFileReference; lastKnownFileType = sourcecode.swift; path = VisheoCreationService.swift; sourceTree = "<group>"; };
		B4CFB7701FAB4A7900D6E73A /* Base */ = {isa = PBXFileReference; lastKnownFileType = file.storyboard; name = Base; path = Base.lproj/Authentification.storyboard; sourceTree = "<group>"; };
		B4DA3E7C1FAA3C1800D8F2F9 /* AppStateService.swift */ = {isa = PBXFileReference; lastKnownFileType = sourcecode.swift; path = AppStateService.swift; sourceTree = "<group>"; };
		B4F63DBB1FC83D4100E05B90 /* LabeledProgressView.swift */ = {isa = PBXFileReference; lastKnownFileType = sourcecode.swift; path = LabeledProgressView.swift; sourceTree = "<group>"; };
		B4F63DBF1FC85FDA00E05B90 /* VisheoRenderingService.swift */ = {isa = PBXFileReference; lastKnownFileType = sourcecode.swift; path = VisheoRenderingService.swift; sourceTree = "<group>"; };
		B4F666241FC1C9ED00B68055 /* VideoTrimmingRouter.swift */ = {isa = PBXFileReference; lastKnownFileType = sourcecode.swift; path = VideoTrimmingRouter.swift; sourceTree = "<group>"; };
		B4F666261FC1C9FB00B68055 /* VideoTrimmingViewModel.swift */ = {isa = PBXFileReference; lastKnownFileType = sourcecode.swift; path = VideoTrimmingViewModel.swift; sourceTree = "<group>"; };
		B4F666281FC1CA1200B68055 /* VideoTrimmingViewController.swift */ = {isa = PBXFileReference; lastKnownFileType = sourcecode.swift; path = VideoTrimmingViewController.swift; sourceTree = "<group>"; };
		BEA24D4F70D81BC5C6DF5B7F /* Pods-Visheo.debug.xcconfig */ = {isa = PBXFileReference; includeInIndex = 1; lastKnownFileType = text.xcconfig; name = "Pods-Visheo.debug.xcconfig"; path = "Pods/Target Support Files/Pods-Visheo/Pods-Visheo.debug.xcconfig"; sourceTree = "<group>"; };
		C370ACF7CBAB1D0D1A2A453C /* Pods-Visheo.release.xcconfig */ = {isa = PBXFileReference; includeInIndex = 1; lastKnownFileType = text.xcconfig; name = "Pods-Visheo.release.xcconfig"; path = "Pods/Target Support Files/Pods-Visheo/Pods-Visheo.release.xcconfig"; sourceTree = "<group>"; };
/* End PBXFileReference section */

/* Begin PBXFrameworksBuildPhase section */
		B4B9D1931FA8A52300CBD7DB /* Frameworks */ = {
			isa = PBXFrameworksBuildPhase;
			buildActionMask = 2147483647;
			files = (
				92EF8E841FC4190D005926E5 /* VisheoVideo.framework in Frameworks */,
				D4D60DB38EDB3A168B57C72A /* Pods_Visheo.framework in Frameworks */,
			);
			runOnlyForDeploymentPostprocessing = 0;
		};
/* End PBXFrameworksBuildPhase section */

/* Begin PBXGroup section */
		3A25D211DE89E6E80DEC2011 /* Frameworks */ = {
			isa = PBXGroup;
			children = (
				0C552B2E7D9952379B5D8A43 /* Pods_Visheo.framework */,
			);
			name = Frameworks;
			sourceTree = "<group>";
		};
		727D4B8F4BD8991BC05A56B0 /* Pods */ = {
			isa = PBXGroup;
			children = (
				BEA24D4F70D81BC5C6DF5B7F /* Pods-Visheo.debug.xcconfig */,
				C370ACF7CBAB1D0D1A2A453C /* Pods-Visheo.release.xcconfig */,
			);
			name = Pods;
			sourceTree = "<group>";
		};
		924DEB801FC3B22B00B04EE8 /* Products */ = {
			isa = PBXGroup;
			children = (
				924DEB861FC3B22B00B04EE8 /* visheo.app */,
				924DEB881FC3B22B00B04EE8 /* visheoTests.xctest */,
				924DEB8A1FC3B22B00B04EE8 /* VisheoVideo.framework */,
			);
			name = Products;
			sourceTree = "<group>";
		};
		9262CBA91FBDF71A00F90AB3 /* Camera */ = {
			isa = PBXGroup;
			children = (
				9262CBAF1FBDFA4100F90AB3 /* ViewModel */,
				9262CBAC1FBDF96100F90AB3 /* Router */,
				9262CBAA1FBDF71A00F90AB3 /* CameraViewController.swift */,
				92C006641FC0B4BE000AFD4E /* CameraPermissionsViewController.swift */,
				92DEDBAC1FC01ACD00C7FBB1 /* CameraTipsView.swift */,
			);
			path = Camera;
			sourceTree = "<group>";
		};
		9262CBAC1FBDF96100F90AB3 /* Router */ = {
			isa = PBXGroup;
			children = (
				9262CBAD1FBDF98300F90AB3 /* CameraRouter.swift */,
				92C006621FC0B4AC000AFD4E /* CameraPermissionsRouter.swift */,
			);
			path = Router;
			sourceTree = "<group>";
		};
		9262CBAF1FBDFA4100F90AB3 /* ViewModel */ = {
			isa = PBXGroup;
			children = (
				9262CBB01FBDFA5600F90AB3 /* CameraViewModel.swift */,
				92C006601FC0B49E000AFD4E /* CameraPermissionsViewModel.swift */,
			);
			path = ViewModel;
			sourceTree = "<group>";
		};
		92A8D30A1FC86E86001E194D /* Media */ = {
			isa = PBXGroup;
			children = (
				92A8D30B1FC86E86001E194D /* beginning.m4a */,
				92A8D30C1FC86E86001E194D /* blank.m4v */,
			);
			path = Media;
			sourceTree = "<group>";
		};
		B42A29871FB1F8A200A8741F /* CustomUI */ = {
			isa = PBXGroup;
			children = (
				B42A29881FB1F8CE00A8741F /* HolidayDateLabel.swift */,
				B44450E21FBF0F360021772F /* PhotoSelectionIndexView.swift */,
				9262CBB21FBE139700F90AB3 /* CameraRecordButton.swift */,
				92DEDBB41FC0670B00C7FBB1 /* CameraRecordIndicator.swift */,
				B433DDE51FC41EBD00309974 /* EditVisheoButton.swift */,
				B4F63DBB1FC83D4100E05B90 /* LabeledProgressView.swift */,
			);
			path = CustomUI;
			sourceTree = "<group>";
		};
		B44450CE1FBEDA0F0021772F /* Rendering */ = {
			isa = PBXGroup;
			children = (
				B44450CF1FBEDA7B0021772F /* VisheoRenderingAssets.swift */,
				B4F63DBF1FC85FDA00E05B90 /* VisheoRenderingService.swift */,
			);
			path = Rendering;
			sourceTree = "<group>";
		};
		B44450D11FBEF3B70021772F /* PhotoPicking */ = {
			isa = PBXGroup;
			children = (
				B44450D31FBEF3CA0021772F /* ViewModel */,
				B44450D21FBEF3C30021772F /* Router */,
				B44450D41FBEF3F00021772F /* PhotoPermissionsViewController.swift */,
				B44450DE1FBF02F60021772F /* PhotoPickerViewController.swift */,
				B44450E01FBF0B580021772F /* PhotoCollectionViewCell.swift */,
			);
			path = PhotoPicking;
			sourceTree = "<group>";
		};
		B44450D21FBEF3C30021772F /* Router */ = {
			isa = PBXGroup;
			children = (
				B44450D61FBEF4220021772F /* PhotoPermissionsRouter.swift */,
				B44450DA1FBF02D70021772F /* PhotoPickerRouter.swift */,
			);
			path = Router;
			sourceTree = "<group>";
		};
		B44450D31FBEF3CA0021772F /* ViewModel */ = {
			isa = PBXGroup;
			children = (
				B44450D81FBEF4340021772F /* PhotoPermissionsViewModel.swift */,
				B44450DC1FBF02E50021772F /* PhotoPickerViewModel.swift */,
			);
			path = ViewModel;
			sourceTree = "<group>";
		};
		B453F1CD1FCF058F003D61CB /* Menu */ = {
			isa = PBXGroup;
			children = (
				B453F1D31FCF1AA4003D61CB /* ViewModel */,
				B453F1D21FCF1A99003D61CB /* Router */,
				B453F1D01FCF05B5003D61CB /* MenuViewController.swift */,
				B453F1D81FCF1AED003D61CB /* MenuTableViewCell.swift */,
			);
			path = Menu;
			sourceTree = "<group>";
		};
		B453F1D21FCF1A99003D61CB /* Router */ = {
			isa = PBXGroup;
			children = (
				B453F1D41FCF1AB7003D61CB /* MenuRouter.swift */,
			);
			path = Router;
			sourceTree = "<group>";
		};
		B453F1D31FCF1AA4003D61CB /* ViewModel */ = {
			isa = PBXGroup;
			children = (
				B453F1D61FCF1AC4003D61CB /* MenuViewModel.swift */,
				B453F1DA1FCF1C01003D61CB /* MenuItemViewModel.swift */,
			);
			path = ViewModel;
			sourceTree = "<group>";
		};
		B46528081FC346650070FFB7 /* VisheoPreview */ = {
			isa = PBXGroup;
			children = (
				B465280A1FC3467B0070FFB7 /* ViewModel */,
				B46528091FC346740070FFB7 /* Router */,
				B465280F1FC347100070FFB7 /* VisheoPreviewViewController.swift */,
				92A8D3081FC85FA6001E194D /* VisheoPreviewView.swift */,
			);
			path = VisheoPreview;
			sourceTree = "<group>";
		};
		B46528091FC346740070FFB7 /* Router */ = {
			isa = PBXGroup;
			children = (
				B465280D1FC346A30070FFB7 /* PreviewRouter.swift */,
			);
			path = Router;
			sourceTree = "<group>";
		};
		B465280A1FC3467B0070FFB7 /* ViewModel */ = {
			isa = PBXGroup;
			children = (
				B465280B1FC346960070FFB7 /* PreviewViewModel.swift */,
			);
			path = ViewModel;
			sourceTree = "<group>";
		};
		B46761231FC70E33006E9CB2 /* VisheoScreen */ = {
			isa = PBXGroup;
			children = (
				B46761251FC70E51006E9CB2 /* Router */,
				B46761241FC70E45006E9CB2 /* ViewModel */,
				B46761261FC7118F006E9CB2 /* ShareVisheoViewController.swift */,
			);
			path = VisheoScreen;
			sourceTree = "<group>";
		};
		B46761241FC70E45006E9CB2 /* ViewModel */ = {
			isa = PBXGroup;
			children = (
				B467612A1FC711BD006E9CB2 /* ShareViewModel.swift */,
			);
			path = ViewModel;
			sourceTree = "<group>";
		};
		B46761251FC70E51006E9CB2 /* Router */ = {
			isa = PBXGroup;
			children = (
				B46761281FC7119D006E9CB2 /* ShareRouter.swift */,
			);
			path = Router;
			sourceTree = "<group>";
		};
		B48AAAB41FA9E574000BB33B /* Sources */ = {
			isa = PBXGroup;
			children = (
				B4BCABC51FB8CC7C003EDC7F /* Screens */,
				B42A29871FB1F8A200A8741F /* CustomUI */,
				B4DA3E7B1FAA3C0300D8F2F9 /* Services */,
				B48AAAD51FAA0AC4000BB33B /* BaseRouting */,
				B48AAACD1FAA03CC000BB33B /* Utilities */,
				B48AAAB51FA9E574000BB33B /* AppDelegate.swift */,
				B4A79CE91FAB82D500C208CF /* Visheo-Bridging-Header.h */,
			);
			path = Sources;
			sourceTree = "<group>";
		};
		B48AAAB91FA9E58F000BB33B /* Resources */ = {
			isa = PBXGroup;
			children = (
				92A8D30A1FC86E86001E194D /* Media */,
				B48AAAC21FA9E650000BB33B /* Fonts */,
				B48AAABA1FA9E58F000BB33B /* Assets.xcassets */,
				B48AAABB1FA9E58F000BB33B /* LaunchScreen.storyboard */,
				B48AAABD1FA9E58F000BB33B /* LaunchProxy.storyboard */,
				B4CFB76F1FAB4A7900D6E73A /* Authentification.storyboard */,
				B4A79CEF1FAC927200C208CF /* Main.storyboard */,
				B43163831FBF480A00135B70 /* Localizable.strings */,
				B43163881FBF482A00135B70 /* Localizable.stringsdict */,
				92DEDBB01FC0598400C7FBB1 /* Camera.storyboard */,
				92DEDBB31FC0599100C7FBB1 /* CameraTips.xib */,
				B46528111FC34A0F0070FFB7 /* VisheoPreview.storyboard */,
				9255DF111FCDA5A200F9815F /* app_settings.plist */,
			);
			name = Resources;
			path = Visheo/Resources;
			sourceTree = SOURCE_ROOT;
		};
		B48AAAC21FA9E650000BB33B /* Fonts */ = {
			isa = PBXGroup;
			children = (
				B48AAAC31FA9E650000BB33B /* Roboto */,
			);
			path = Fonts;
			sourceTree = "<group>";
		};
		B48AAAC31FA9E650000BB33B /* Roboto */ = {
			isa = PBXGroup;
			children = (
				B48AAAC41FA9E650000BB33B /* Roboto-Bold.ttf */,
				B48AAAC51FA9E650000BB33B /* Roboto-Medium.ttf */,
				B48AAAC61FA9E650000BB33B /* Roboto-Regular.ttf */,
			);
			path = Roboto;
			sourceTree = "<group>";
		};
		B48AAACD1FAA03CC000BB33B /* Utilities */ = {
			isa = PBXGroup;
			children = (
				B48AAACE1FAA03CC000BB33B /* Segues */,
				B48AAAD01FAA03CC000BB33B /* UIKitExtensions */,
				9255DF131FCDBE2800F9815F /* VisheoMovieWriter.swift */,
			);
			path = Utilities;
			sourceTree = "<group>";
		};
		B48AAACE1FAA03CC000BB33B /* Segues */ = {
			isa = PBXGroup;
			children = (
				B48AAACF1FAA03CC000BB33B /* RootViewControllerSegue.swift */,
			);
			path = Segues;
			sourceTree = "<group>";
		};
		B48AAAD01FAA03CC000BB33B /* UIKitExtensions */ = {
			isa = PBXGroup;
			children = (
				B4A79CF21FACB81F00C208CF /* UIViewController+Alert.swift */,
				B48AAAD11FAA03CC000BB33B /* UIView+LayerInspectable.swift */,
			);
			path = UIKitExtensions;
			sourceTree = "<group>";
		};
		B48AAAD51FAA0AC4000BB33B /* BaseRouting */ = {
			isa = PBXGroup;
			children = (
				B48AAAD71FAA0AE2000BB33B /* Routing.swift */,
				B48AAAD61FAA0AE1000BB33B /* SegueList.swift */,
				B409B3A41FADBC2100FE43F1 /* ViewModels.swift */,
				B4AEE0E11FD01F1B0043A39A /* RouterAsembly.swift */,
			);
			path = BaseRouting;
			sourceTree = "<group>";
		};
		B4B9D18D1FA8A52300CBD7DB = {
			isa = PBXGroup;
			children = (
				924DEB7F1FC3B22B00B04EE8 /* visheo.xcodeproj */,
				B4B9D1981FA8A52300CBD7DB /* Visheo */,
				B4B9D1971FA8A52300CBD7DB /* Products */,
				727D4B8F4BD8991BC05A56B0 /* Pods */,
				3A25D211DE89E6E80DEC2011 /* Frameworks */,
			);
			sourceTree = "<group>";
		};
		B4B9D1971FA8A52300CBD7DB /* Products */ = {
			isa = PBXGroup;
			children = (
				B4B9D1961FA8A52300CBD7DB /* Visheo.app */,
			);
			name = Products;
			sourceTree = "<group>";
		};
		B4B9D1981FA8A52300CBD7DB /* Visheo */ = {
			isa = PBXGroup;
			children = (
				B48AAAB91FA9E58F000BB33B /* Resources */,
				B48AAAB41FA9E574000BB33B /* Sources */,
				B4B9D1A51FA8A52300CBD7DB /* Info.plist */,
				B4B9D1AC1FA8D4D000CBD7DB /* GoogleService-Info.plist */,
			);
			path = Visheo;
			sourceTree = "<group>";
		};
		B4BCABC51FB8CC7C003EDC7F /* Screens */ = {
			isa = PBXGroup;
			children = (
				B453F1CD1FCF058F003D61CB /* Menu */,
				B46761231FC70E33006E9CB2 /* VisheoScreen */,
				B46528081FC346650070FFB7 /* VisheoPreview */,
				B4F666201FC1C96C00B68055 /* VideoTrimming */,
				B44450D11FBEF3B70021772F /* PhotoPicking */,
				9262CBA91FBDF71A00F90AB3 /* Camera */,
				B4BCAC031FB8CDE0003EDC7F /* SelectCover */,
				B4BCABC61FB8CC7C003EDC7F /* Authorization */,
				B4BCABD21FB8CC7C003EDC7F /* ChooseOccassion */,
				B4BCABDF1FB8CC7C003EDC7F /* LaunchProxy */,
				B4BCABE51FB8CC7C003EDC7F /* Onboarding */,
			);
			path = Screens;
			sourceTree = "<group>";
		};
		B4BCABC61FB8CC7C003EDC7F /* Authorization */ = {
			isa = PBXGroup;
			children = (
				B4BCABC71FB8CC7C003EDC7F /* AuthorizationViewController.swift */,
				B4BCABC81FB8CC7C003EDC7F /* Router */,
				B4BCABCC1FB8CC7C003EDC7F /* SignInViewController.swift */,
				B4BCABCD1FB8CC7C003EDC7F /* SignUpViewController.swift */,
				B4BCABCE1FB8CC7C003EDC7F /* ViewModel */,
			);
			path = Authorization;
			sourceTree = "<group>";
		};
		B4BCABC81FB8CC7C003EDC7F /* Router */ = {
			isa = PBXGroup;
			children = (
				B4BCABC91FB8CC7C003EDC7F /* AuthorizationRouter.swift */,
				B4BCABCA1FB8CC7C003EDC7F /* SignInRouter.swift */,
				B4BCABCB1FB8CC7C003EDC7F /* SignUpRouter.swift */,
			);
			path = Router;
			sourceTree = "<group>";
		};
		B4BCABCE1FB8CC7C003EDC7F /* ViewModel */ = {
			isa = PBXGroup;
			children = (
				B4BCABCF1FB8CC7C003EDC7F /* AuthorizationViewModel.swift */,
				B4BCABD01FB8CC7C003EDC7F /* SignInViewModel.swift */,
				B4BCABD11FB8CC7C003EDC7F /* SignUpViewModel.swift */,
			);
			path = ViewModel;
			sourceTree = "<group>";
		};
		B4BCABD21FB8CC7C003EDC7F /* ChooseOccassion */ = {
			isa = PBXGroup;
			children = (
				B4BCABD31FB8CC7C003EDC7F /* Cells */,
				B4BCABD61FB8CC7C003EDC7F /* ChooseOccasionViewController.swift */,
				B4BCABD71FB8CC7C003EDC7F /* HolidaysCollectionMediator.swift */,
				B4BCABD81FB8CC7C003EDC7F /* OccassionsCollectionMediator.swift */,
				B4BCABD91FB8CC7C003EDC7F /* Router */,
				B4BCABDB1FB8CC7C003EDC7F /* ViewModel */,
			);
			path = ChooseOccassion;
			sourceTree = "<group>";
		};
		B4BCABD31FB8CC7C003EDC7F /* Cells */ = {
			isa = PBXGroup;
			children = (
				B4BCABD41FB8CC7C003EDC7F /* HolidayCollectionViewCell.swift */,
				B4BCABD51FB8CC7C003EDC7F /* OccassionCollectionViewCell.swift */,
			);
			path = Cells;
			sourceTree = "<group>";
		};
		B4BCABD91FB8CC7C003EDC7F /* Router */ = {
			isa = PBXGroup;
			children = (
				B4BCABDA1FB8CC7C003EDC7F /* ChooseOccasionRouter.swift */,
			);
			path = Router;
			sourceTree = "<group>";
		};
		B4BCABDB1FB8CC7C003EDC7F /* ViewModel */ = {
			isa = PBXGroup;
			children = (
				B4BCABDC1FB8CC7C003EDC7F /* ChooseOccasionViewModel.swift */,
				B4BCABDD1FB8CC7C003EDC7F /* HolidayCellViewModel.swift */,
				B4BCABDE1FB8CC7C003EDC7F /* OccasionCellViewModel.swift */,
			);
			path = ViewModel;
			sourceTree = "<group>";
		};
		B4BCABDF1FB8CC7C003EDC7F /* LaunchProxy */ = {
			isa = PBXGroup;
			children = (
				B4BCABE01FB8CC7C003EDC7F /* LaunchProxyViewController.swift */,
				B4BCABE11FB8CC7C003EDC7F /* Router */,
				B4BCABE31FB8CC7C003EDC7F /* ViewModels */,
			);
			path = LaunchProxy;
			sourceTree = "<group>";
		};
		B4BCABE11FB8CC7C003EDC7F /* Router */ = {
			isa = PBXGroup;
			children = (
				B4BCABE21FB8CC7C003EDC7F /* LaunchProxyRouter.swift */,
			);
			path = Router;
			sourceTree = "<group>";
		};
		B4BCABE31FB8CC7C003EDC7F /* ViewModels */ = {
			isa = PBXGroup;
			children = (
				B4BCABE41FB8CC7C003EDC7F /* LaunchProxyViewModel.swift */,
			);
			path = ViewModels;
			sourceTree = "<group>";
		};
		B4BCABE51FB8CC7C003EDC7F /* Onboarding */ = {
			isa = PBXGroup;
			children = (
				B4BCABE61FB8CC7C003EDC7F /* OnboardingViewController.swift */,
				B4BCABE71FB8CC7C003EDC7F /* Router */,
				B4BCABE91FB8CC7C003EDC7F /* ViewModels */,
			);
			path = Onboarding;
			sourceTree = "<group>";
		};
		B4BCABE71FB8CC7C003EDC7F /* Router */ = {
			isa = PBXGroup;
			children = (
				B4BCABE81FB8CC7C003EDC7F /* OnboardingRouter.swift */,
			);
			path = Router;
			sourceTree = "<group>";
		};
		B4BCABE91FB8CC7C003EDC7F /* ViewModels */ = {
			isa = PBXGroup;
			children = (
				B4BCABEA1FB8CC7C003EDC7F /* OnboardingViewModel.swift */,
			);
			path = ViewModels;
			sourceTree = "<group>";
		};
		B4BCAC031FB8CDE0003EDC7F /* SelectCover */ = {
			isa = PBXGroup;
			children = (
				B4BCAC041FB8CDE0003EDC7F /* Router */,
				B4BCAC051FB8CDE0003EDC7F /* ViewModel */,
				B4BCAC061FB8CDFB003EDC7F /* SelectCoverViewController.swift */,
				B4BCAC0C1FB8D599003EDC7F /* CoverCollectionViewCell.swift */,
				B475CEDA1FBDA93700808909 /* PagedCoverCollectionMediator.swift */,
				B44450CC1FBDD82D0021772F /* FilmstripCoversCollectionMediator.swift */,
			);
			path = SelectCover;
			sourceTree = "<group>";
		};
		B4BCAC041FB8CDE0003EDC7F /* Router */ = {
			isa = PBXGroup;
			children = (
				B4BCAC081FB8CE09003EDC7F /* SelectCoverRouter.swift */,
			);
			path = Router;
			sourceTree = "<group>";
		};
		B4BCAC051FB8CDE0003EDC7F /* ViewModel */ = {
			isa = PBXGroup;
			children = (
				B4BCAC0A1FB8CE18003EDC7F /* SelectCoverViewModel.swift */,
				B4BCAC0E1FB8D5D0003EDC7F /* CoverCellViewModel.swift */,
			);
			path = ViewModel;
			sourceTree = "<group>";
		};
		B4DA3E7B1FAA3C0300D8F2F9 /* Services */ = {
			isa = PBXGroup;
			children = (
				B44450CE1FBEDA0F0021772F /* Rendering */,
				B4DA3E7C1FAA3C1800D8F2F9 /* AppStateService.swift */,
				B4A79CED1FAC81D500C208CF /* AuthorizationService.swift */,
				B43E3B681FADB6BF005064D1 /* UserInputValidator.swift */,
				B48259021FB3060800A7F5B0 /* OccasionsListService.swift */,
				B420ADC01FC1A2D500ECA590 /* AppPermissionsService.swift */,
				B467612C1FC7367A006E9CB2 /* UserPurchasesInfo.swift */,
				B4CF320E1FC87E540063AA52 /* VisheoCreationService.swift */,
				9255DF0D1FCD9EC200F9815F /* AppSettings.swift */,
			);
			path = Services;
			sourceTree = "<group>";
		};
		B4F666201FC1C96C00B68055 /* VideoTrimming */ = {
			isa = PBXGroup;
			children = (
				B4F666231FC1C98900B68055 /* Router */,
				B4F666211FC1C97C00B68055 /* ViewModel */,
				B4F666281FC1CA1200B68055 /* VideoTrimmingViewController.swift */,
			);
			path = VideoTrimming;
			sourceTree = "<group>";
		};
		B4F666211FC1C97C00B68055 /* ViewModel */ = {
			isa = PBXGroup;
			children = (
				B4F666261FC1C9FB00B68055 /* VideoTrimmingViewModel.swift */,
			);
			path = ViewModel;
			sourceTree = "<group>";
		};
		B4F666231FC1C98900B68055 /* Router */ = {
			isa = PBXGroup;
			children = (
				B4F666241FC1C9ED00B68055 /* VideoTrimmingRouter.swift */,
			);
			path = Router;
			sourceTree = "<group>";
		};
/* End PBXGroup section */

/* Begin PBXNativeTarget section */
		B4B9D1951FA8A52300CBD7DB /* Visheo */ = {
			isa = PBXNativeTarget;
			buildConfigurationList = B4B9D1A81FA8A52300CBD7DB /* Build configuration list for PBXNativeTarget "Visheo" */;
			buildPhases = (
				E2BE12273340EFE97536135C /* [CP] Check Pods Manifest.lock */,
				B4B9D1921FA8A52300CBD7DB /* Sources */,
				B4B9D1931FA8A52300CBD7DB /* Frameworks */,
				B4B9D1941FA8A52300CBD7DB /* Resources */,
				B4B9D1AB1FA8BF2E00CBD7DB /* Crashlytis stup */,
				92EF8E881FC4190D005926E5 /* Embed Frameworks */,
				DD698383854C530CB34D0E1B /* [CP] Embed Pods Frameworks */,
				04778D0C6B6EF5C3357F55D6 /* [CP] Copy Pods Resources */,
			);
			buildRules = (
			);
			dependencies = (
				92EF8E871FC4190D005926E5 /* PBXTargetDependency */,
			);
			name = Visheo;
			productName = Visheo;
			productReference = B4B9D1961FA8A52300CBD7DB /* Visheo.app */;
			productType = "com.apple.product-type.application";
		};
/* End PBXNativeTarget section */

/* Begin PBXProject section */
		B4B9D18E1FA8A52300CBD7DB /* Project object */ = {
			isa = PBXProject;
			attributes = {
				LastSwiftUpdateCheck = 0900;
				LastUpgradeCheck = 0900;
				ORGANIZATIONNAME = Olearis;
				TargetAttributes = {
					B4B9D1951FA8A52300CBD7DB = {
						CreatedOnToolsVersion = 9.0.1;
						LastSwiftMigration = 0910;
						ProvisioningStyle = Automatic;
					};
				};
			};
			buildConfigurationList = B4B9D1911FA8A52300CBD7DB /* Build configuration list for PBXProject "Visheo" */;
			compatibilityVersion = "Xcode 8.0";
			developmentRegion = en;
			hasScannedForEncodings = 0;
			knownRegions = (
				en,
				Base,
			);
			mainGroup = B4B9D18D1FA8A52300CBD7DB;
			productRefGroup = B4B9D1971FA8A52300CBD7DB /* Products */;
			projectDirPath = "";
			projectReferences = (
				{
					ProductGroup = 924DEB801FC3B22B00B04EE8 /* Products */;
					ProjectRef = 924DEB7F1FC3B22B00B04EE8 /* visheo.xcodeproj */;
				},
			);
			projectRoot = "";
			targets = (
				B4B9D1951FA8A52300CBD7DB /* Visheo */,
			);
		};
/* End PBXProject section */

/* Begin PBXReferenceProxy section */
		924DEB861FC3B22B00B04EE8 /* visheo.app */ = {
			isa = PBXReferenceProxy;
			fileType = wrapper.application;
			path = visheo.app;
			remoteRef = 924DEB851FC3B22B00B04EE8 /* PBXContainerItemProxy */;
			sourceTree = BUILT_PRODUCTS_DIR;
		};
		924DEB881FC3B22B00B04EE8 /* visheoTests.xctest */ = {
			isa = PBXReferenceProxy;
			fileType = wrapper.cfbundle;
			path = visheoTests.xctest;
			remoteRef = 924DEB871FC3B22B00B04EE8 /* PBXContainerItemProxy */;
			sourceTree = BUILT_PRODUCTS_DIR;
		};
		924DEB8A1FC3B22B00B04EE8 /* VisheoVideo.framework */ = {
			isa = PBXReferenceProxy;
			fileType = wrapper.framework;
			path = VisheoVideo.framework;
			remoteRef = 924DEB891FC3B22B00B04EE8 /* PBXContainerItemProxy */;
			sourceTree = BUILT_PRODUCTS_DIR;
		};
/* End PBXReferenceProxy section */

/* Begin PBXResourcesBuildPhase section */
		B4B9D1941FA8A52300CBD7DB /* Resources */ = {
			isa = PBXResourcesBuildPhase;
			buildActionMask = 2147483647;
			files = (
				9255DF121FCDA5A200F9815F /* app_settings.plist in Resources */,
				B48AAAC01FA9E58F000BB33B /* LaunchScreen.storyboard in Resources */,
				B4CFB7711FAB4A7900D6E73A /* Authentification.storyboard in Resources */,
				B48AAAC91FA9E650000BB33B /* Roboto-Regular.ttf in Resources */,
				B43163861FBF482A00135B70 /* Localizable.stringsdict in Resources */,
				B48AAABF1FA9E58F000BB33B /* Assets.xcassets in Resources */,
				B46528131FC34A0F0070FFB7 /* VisheoPreview.storyboard in Resources */,
				92A8D30E1FC86E86001E194D /* blank.m4v in Resources */,
				B48AAAC81FA9E650000BB33B /* Roboto-Medium.ttf in Resources */,
				B43163811FBF480A00135B70 /* Localizable.strings in Resources */,
				B48AAAC71FA9E650000BB33B /* Roboto-Bold.ttf in Resources */,
				B4A79CF11FAC927200C208CF /* Main.storyboard in Resources */,
				B4B9D1AD1FA8D4D100CBD7DB /* GoogleService-Info.plist in Resources */,
				B48AAAC11FA9E58F000BB33B /* LaunchProxy.storyboard in Resources */,
				92DEDBB11FC0599100C7FBB1 /* CameraTips.xib in Resources */,
				92DEDBAE1FC0598400C7FBB1 /* Camera.storyboard in Resources */,
				92A8D30D1FC86E86001E194D /* beginning.m4a in Resources */,
			);
			runOnlyForDeploymentPostprocessing = 0;
		};
/* End PBXResourcesBuildPhase section */

/* Begin PBXShellScriptBuildPhase section */
		04778D0C6B6EF5C3357F55D6 /* [CP] Copy Pods Resources */ = {
			isa = PBXShellScriptBuildPhase;
			buildActionMask = 2147483647;
			files = (
			);
			inputPaths = (
				"${SRCROOT}/Pods/Target Support Files/Pods-Visheo/Pods-Visheo-resources.sh",
				"${PODS_ROOT}/GoogleSignIn/Resources/GoogleSignIn.bundle",
			);
			name = "[CP] Copy Pods Resources";
			outputPaths = (
				"${TARGET_BUILD_DIR}/${UNLOCALIZED_RESOURCES_FOLDER_PATH}",
			);
			runOnlyForDeploymentPostprocessing = 0;
			shellPath = /bin/sh;
			shellScript = "\"${SRCROOT}/Pods/Target Support Files/Pods-Visheo/Pods-Visheo-resources.sh\"\n";
			showEnvVarsInLog = 0;
		};
		B4B9D1AB1FA8BF2E00CBD7DB /* Crashlytis stup */ = {
			isa = PBXShellScriptBuildPhase;
			buildActionMask = 2147483647;
			files = (
			);
			inputPaths = (
			);
			name = "Crashlytis stup";
			outputPaths = (
			);
			runOnlyForDeploymentPostprocessing = 0;
			shellPath = /bin/sh;
			shellScript = "\"${PODS_ROOT}/Fabric/run\" f9edfee36e59c3f16c7050739bbfeb28125f15d9 9b5908df5162e17c4eaf46bb3b9b26f69c9b19256845a053289fac3d6ad29cab";
		};
		DD698383854C530CB34D0E1B /* [CP] Embed Pods Frameworks */ = {
			isa = PBXShellScriptBuildPhase;
			buildActionMask = 2147483647;
			files = (
			);
			inputPaths = (
				"${SRCROOT}/Pods/Target Support Files/Pods-Visheo/Pods-Visheo-frameworks.sh",
				"${BUILT_PRODUCTS_DIR}/Bolts/Bolts.framework",
				"${BUILT_PRODUCTS_DIR}/FBSDKCoreKit/FBSDKCoreKit.framework",
				"${BUILT_PRODUCTS_DIR}/FBSDKLoginKit/FBSDKLoginKit.framework",
				"${BUILT_PRODUCTS_DIR}/FBSDKShareKit/FBSDKShareKit.framework",
				"${BUILT_PRODUCTS_DIR}/GPUImage/GPUImage.framework",
				"${BUILT_PRODUCTS_DIR}/GTMOAuth2/GTMOAuth2.framework",
				"${BUILT_PRODUCTS_DIR}/GTMSessionFetcher/GTMSessionFetcher.framework",
				"${BUILT_PRODUCTS_DIR}/GoogleToolboxForMac/GoogleToolboxForMac.framework",
				"${BUILT_PRODUCTS_DIR}/LGSideMenuController/LGSideMenuController.framework",
				"${BUILT_PRODUCTS_DIR}/MBProgressHUD/MBProgressHUD.framework",
				"${BUILT_PRODUCTS_DIR}/PryntTrimmerView/PryntTrimmerView.framework",
				"${PODS_ROOT}/Reveal-SDK/RevealServer-11/iOS/RevealServer.framework",
				"${BUILT_PRODUCTS_DIR}/SDWebImage/SDWebImage.framework",
				"${BUILT_PRODUCTS_DIR}/Validator/Validator.framework",
				"${BUILT_PRODUCTS_DIR}/nanopb/nanopb.framework",
				"${BUILT_PRODUCTS_DIR}/GRDB.swift/GRDB.framework",
				"${BUILT_PRODUCTS_DIR}/PromiseKit/PromiseKit.framework",
				"${BUILT_PRODUCTS_DIR}/lottie-ios/Lottie.framework",
				"${BUILT_PRODUCTS_DIR}/pop/pop.framework",
			);
			name = "[CP] Embed Pods Frameworks";
			outputPaths = (
				"${TARGET_BUILD_DIR}/${FRAMEWORKS_FOLDER_PATH}/Bolts.framework",
				"${TARGET_BUILD_DIR}/${FRAMEWORKS_FOLDER_PATH}/FBSDKCoreKit.framework",
				"${TARGET_BUILD_DIR}/${FRAMEWORKS_FOLDER_PATH}/FBSDKLoginKit.framework",
				"${TARGET_BUILD_DIR}/${FRAMEWORKS_FOLDER_PATH}/FBSDKShareKit.framework",
				"${TARGET_BUILD_DIR}/${FRAMEWORKS_FOLDER_PATH}/GPUImage.framework",
				"${TARGET_BUILD_DIR}/${FRAMEWORKS_FOLDER_PATH}/GTMOAuth2.framework",
				"${TARGET_BUILD_DIR}/${FRAMEWORKS_FOLDER_PATH}/GTMSessionFetcher.framework",
				"${TARGET_BUILD_DIR}/${FRAMEWORKS_FOLDER_PATH}/GoogleToolboxForMac.framework",
				"${TARGET_BUILD_DIR}/${FRAMEWORKS_FOLDER_PATH}/LGSideMenuController.framework",
				"${TARGET_BUILD_DIR}/${FRAMEWORKS_FOLDER_PATH}/MBProgressHUD.framework",
				"${TARGET_BUILD_DIR}/${FRAMEWORKS_FOLDER_PATH}/PryntTrimmerView.framework",
				"${TARGET_BUILD_DIR}/${FRAMEWORKS_FOLDER_PATH}/RevealServer.framework",
				"${TARGET_BUILD_DIR}/${FRAMEWORKS_FOLDER_PATH}/SDWebImage.framework",
				"${TARGET_BUILD_DIR}/${FRAMEWORKS_FOLDER_PATH}/Validator.framework",
				"${TARGET_BUILD_DIR}/${FRAMEWORKS_FOLDER_PATH}/nanopb.framework",
				"${TARGET_BUILD_DIR}/${FRAMEWORKS_FOLDER_PATH}/GRDB.framework",
				"${TARGET_BUILD_DIR}/${FRAMEWORKS_FOLDER_PATH}/PromiseKit.framework",
				"${TARGET_BUILD_DIR}/${FRAMEWORKS_FOLDER_PATH}/Lottie.framework",
				"${TARGET_BUILD_DIR}/${FRAMEWORKS_FOLDER_PATH}/pop.framework",
			);
			runOnlyForDeploymentPostprocessing = 0;
			shellPath = /bin/sh;
			shellScript = "\"${SRCROOT}/Pods/Target Support Files/Pods-Visheo/Pods-Visheo-frameworks.sh\"\n";
			showEnvVarsInLog = 0;
		};
		E2BE12273340EFE97536135C /* [CP] Check Pods Manifest.lock */ = {
			isa = PBXShellScriptBuildPhase;
			buildActionMask = 2147483647;
			files = (
			);
			inputPaths = (
				"${PODS_PODFILE_DIR_PATH}/Podfile.lock",
				"${PODS_ROOT}/Manifest.lock",
			);
			name = "[CP] Check Pods Manifest.lock";
			outputPaths = (
				"$(DERIVED_FILE_DIR)/Pods-Visheo-checkManifestLockResult.txt",
			);
			runOnlyForDeploymentPostprocessing = 0;
			shellPath = /bin/sh;
			shellScript = "diff \"${PODS_PODFILE_DIR_PATH}/Podfile.lock\" \"${PODS_ROOT}/Manifest.lock\" > /dev/null\nif [ $? != 0 ] ; then\n    # print error to STDERR\n    echo \"error: The sandbox is not in sync with the Podfile.lock. Run 'pod install' or update your CocoaPods installation.\" >&2\n    exit 1\nfi\n# This output is used by Xcode 'outputs' to avoid re-running this script phase.\necho \"SUCCESS\" > \"${SCRIPT_OUTPUT_FILE_0}\"\n";
			showEnvVarsInLog = 0;
		};
/* End PBXShellScriptBuildPhase section */

/* Begin PBXSourcesBuildPhase section */
		B4B9D1921FA8A52300CBD7DB /* Sources */ = {
			isa = PBXSourcesBuildPhase;
			buildActionMask = 2147483647;
			files = (
				92C006631FC0B4AC000AFD4E /* CameraPermissionsRouter.swift in Sources */,
				B4F666271FC1C9FB00B68055 /* VideoTrimmingViewModel.swift in Sources */,
				B467612B1FC711BD006E9CB2 /* ShareViewModel.swift in Sources */,
				B475CEDB1FBDA93700808909 /* PagedCoverCollectionMediator.swift in Sources */,
				9262CBB11FBDFA5600F90AB3 /* CameraViewModel.swift in Sources */,
				B4A79CF31FACB81F00C208CF /* UIViewController+Alert.swift in Sources */,
				B48259031FB3060800A7F5B0 /* OccasionsListService.swift in Sources */,
				92C006611FC0B49E000AFD4E /* CameraPermissionsViewModel.swift in Sources */,
				B48AAAD21FAA03CC000BB33B /* RootViewControllerSegue.swift in Sources */,
				B4BCABF71FB8CC7D003EDC7F /* HolidaysCollectionMediator.swift in Sources */,
				9255DF141FCDBE2900F9815F /* VisheoMovieWriter.swift in Sources */,
				B4BCAC071FB8CDFB003EDC7F /* SelectCoverViewController.swift in Sources */,
				B4BCABFE1FB8CC7D003EDC7F /* LaunchProxyRouter.swift in Sources */,
				B48AAAD81FAA0AE2000BB33B /* SegueList.swift in Sources */,
				B4BCABF21FB8CC7D003EDC7F /* SignInViewModel.swift in Sources */,
				B433DDE61FC41EBD00309974 /* EditVisheoButton.swift in Sources */,
				B409B3A51FADBC2100FE43F1 /* ViewModels.swift in Sources */,
				92DEDBB51FC0670B00C7FBB1 /* CameraRecordIndicator.swift in Sources */,
				B4BCAC001FB8CC7D003EDC7F /* OnboardingViewController.swift in Sources */,
				B44450E31FBF0F360021772F /* PhotoSelectionIndexView.swift in Sources */,
				B4BCAC0F1FB8D5D0003EDC7F /* CoverCellViewModel.swift in Sources */,
				B467612D1FC7367A006E9CB2 /* UserPurchasesInfo.swift in Sources */,
				B453F1DB1FCF1C01003D61CB /* MenuItemViewModel.swift in Sources */,
				B4A79CEE1FAC81D500C208CF /* AuthorizationService.swift in Sources */,
				B43E3B691FADB6BF005064D1 /* UserInputValidator.swift in Sources */,
				B4BCABF51FB8CC7D003EDC7F /* OccassionCollectionViewCell.swift in Sources */,
				B4BCABF81FB8CC7D003EDC7F /* OccassionsCollectionMediator.swift in Sources */,
				92C006651FC0B4BE000AFD4E /* CameraPermissionsViewController.swift in Sources */,
				9255DF0E1FCD9EC200F9815F /* AppSettings.swift in Sources */,
				B4BCABEC1FB8CC7D003EDC7F /* AuthorizationRouter.swift in Sources */,
				B4BCABFA1FB8CC7D003EDC7F /* ChooseOccasionViewModel.swift in Sources */,
				B44450CD1FBDD82D0021772F /* FilmstripCoversCollectionMediator.swift in Sources */,
				B4BCABF41FB8CC7D003EDC7F /* HolidayCollectionViewCell.swift in Sources */,
				B4BCABFF1FB8CC7D003EDC7F /* LaunchProxyViewModel.swift in Sources */,
				B465280E1FC346A30070FFB7 /* PreviewRouter.swift in Sources */,
				B46761271FC7118F006E9CB2 /* ShareVisheoViewController.swift in Sources */,
				B4BCABF91FB8CC7D003EDC7F /* ChooseOccasionRouter.swift in Sources */,
				B4BCABED1FB8CC7D003EDC7F /* SignInRouter.swift in Sources */,
				B44450D51FBEF3F00021772F /* PhotoPermissionsViewController.swift in Sources */,
				92DEDBAD1FC01ACD00C7FBB1 /* CameraTipsView.swift in Sources */,
				9262CBAE1FBDF98300F90AB3 /* CameraRouter.swift in Sources */,
				B4BCAC091FB8CE09003EDC7F /* SelectCoverRouter.swift in Sources */,
				B4F666291FC1CA1200B68055 /* VideoTrimmingViewController.swift in Sources */,
				B4BCABEE1FB8CC7D003EDC7F /* SignUpRouter.swift in Sources */,
				B4BCAC0D1FB8D59A003EDC7F /* CoverCollectionViewCell.swift in Sources */,
				B4BCABFB1FB8CC7D003EDC7F /* HolidayCellViewModel.swift in Sources */,
				B4BCABFD1FB8CC7D003EDC7F /* LaunchProxyViewController.swift in Sources */,
				B4BCAC0B1FB8CE18003EDC7F /* SelectCoverViewModel.swift in Sources */,
				B44450D71FBEF4220021772F /* PhotoPermissionsRouter.swift in Sources */,
				B44450DD1FBF02E50021772F /* PhotoPickerViewModel.swift in Sources */,
				B4BCABF31FB8CC7D003EDC7F /* SignUpViewModel.swift in Sources */,
				B48AAAD91FAA0AE2000BB33B /* Routing.swift in Sources */,
				B4BCABF61FB8CC7D003EDC7F /* ChooseOccasionViewController.swift in Sources */,
				B453F1D91FCF1AED003D61CB /* MenuTableViewCell.swift in Sources */,
				B465280C1FC346960070FFB7 /* PreviewViewModel.swift in Sources */,
				B44450DF1FBF02F60021772F /* PhotoPickerViewController.swift in Sources */,
				B4BCABF11FB8CC7D003EDC7F /* AuthorizationViewModel.swift in Sources */,
				9262CBB31FBE139700F90AB3 /* CameraRecordButton.swift in Sources */,
				B4CF320F1FC87E540063AA52 /* VisheoCreationService.swift in Sources */,
				9262CBAB1FBDF71A00F90AB3 /* CameraViewController.swift in Sources */,
				B4F63DBC1FC83D4100E05B90 /* LabeledProgressView.swift in Sources */,
				B4F666251FC1C9ED00B68055 /* VideoTrimmingRouter.swift in Sources */,
				B4AEE0E21FD01F1B0043A39A /* RouterAsembly.swift in Sources */,
				B48AAAD31FAA03CC000BB33B /* UIView+LayerInspectable.swift in Sources */,
				B46528101FC347100070FFB7 /* VisheoPreviewViewController.swift in Sources */,
				B44450E11FBF0B580021772F /* PhotoCollectionViewCell.swift in Sources */,
				B44450D91FBEF4340021772F /* PhotoPermissionsViewModel.swift in Sources */,
				B4BCABEB1FB8CC7D003EDC7F /* AuthorizationViewController.swift in Sources */,
				B453F1D51FCF1AB7003D61CB /* MenuRouter.swift in Sources */,
				B48AAAB71FA9E574000BB33B /* AppDelegate.swift in Sources */,
				B4F63DC01FC85FDB00E05B90 /* VisheoRenderingService.swift in Sources */,
				B4BCABF01FB8CC7D003EDC7F /* SignUpViewController.swift in Sources */,
				B44450D01FBEDA7B0021772F /* VisheoRenderingAssets.swift in Sources */,
				B4BCABEF1FB8CC7D003EDC7F /* SignInViewController.swift in Sources */,
				B4BCABFC1FB8CC7D003EDC7F /* OccasionCellViewModel.swift in Sources */,
				B453F1D11FCF05B5003D61CB /* MenuViewController.swift in Sources */,
				B453F1D71FCF1AC4003D61CB /* MenuViewModel.swift in Sources */,
				B44450DB1FBF02D70021772F /* PhotoPickerRouter.swift in Sources */,
				B4BCAC021FB8CC7D003EDC7F /* OnboardingViewModel.swift in Sources */,
				B46761291FC7119D006E9CB2 /* ShareRouter.swift in Sources */,
				92A8D3091FC85FA6001E194D /* VisheoPreviewView.swift in Sources */,
				B4BCAC011FB8CC7D003EDC7F /* OnboardingRouter.swift in Sources */,
				B4DA3E7D1FAA3C1800D8F2F9 /* AppStateService.swift in Sources */,
				B420ADC11FC1A2D500ECA590 /* AppPermissionsService.swift in Sources */,
				B42A29891FB1F8CE00A8741F /* HolidayDateLabel.swift in Sources */,
			);
			runOnlyForDeploymentPostprocessing = 0;
		};
/* End PBXSourcesBuildPhase section */

/* Begin PBXTargetDependency section */
		92EF8E871FC4190D005926E5 /* PBXTargetDependency */ = {
			isa = PBXTargetDependency;
			name = VisheoVideo;
			targetProxy = 92EF8E861FC4190D005926E5 /* PBXContainerItemProxy */;
		};
/* End PBXTargetDependency section */

/* Begin PBXVariantGroup section */
		92DEDBB01FC0598400C7FBB1 /* Camera.storyboard */ = {
			isa = PBXVariantGroup;
			children = (
				92DEDBAF1FC0598400C7FBB1 /* Base */,
			);
			name = Camera.storyboard;
			sourceTree = "<group>";
		};
		92DEDBB31FC0599100C7FBB1 /* CameraTips.xib */ = {
			isa = PBXVariantGroup;
			children = (
				92DEDBB21FC0599100C7FBB1 /* Base */,
			);
			name = CameraTips.xib;
			sourceTree = "<group>";
		};
		B43163831FBF480A00135B70 /* Localizable.strings */ = {
			isa = PBXVariantGroup;
			children = (
				B43163821FBF480A00135B70 /* en */,
			);
			name = Localizable.strings;
			sourceTree = "<group>";
		};
		B43163881FBF482A00135B70 /* Localizable.stringsdict */ = {
			isa = PBXVariantGroup;
			children = (
				B43163871FBF482A00135B70 /* en */,
			);
			name = Localizable.stringsdict;
			sourceTree = "<group>";
		};
		B46528111FC34A0F0070FFB7 /* VisheoPreview.storyboard */ = {
			isa = PBXVariantGroup;
			children = (
				B46528121FC34A0F0070FFB7 /* Base */,
			);
			name = VisheoPreview.storyboard;
			sourceTree = "<group>";
		};
		B48AAABB1FA9E58F000BB33B /* LaunchScreen.storyboard */ = {
			isa = PBXVariantGroup;
			children = (
				B48AAABC1FA9E58F000BB33B /* Base */,
			);
			name = LaunchScreen.storyboard;
			sourceTree = "<group>";
		};
		B48AAABD1FA9E58F000BB33B /* LaunchProxy.storyboard */ = {
			isa = PBXVariantGroup;
			children = (
				B48AAABE1FA9E58F000BB33B /* Base */,
			);
			name = LaunchProxy.storyboard;
			sourceTree = "<group>";
		};
		B4A79CEF1FAC927200C208CF /* Main.storyboard */ = {
			isa = PBXVariantGroup;
			children = (
				B4A79CF01FAC927200C208CF /* Base */,
			);
			name = Main.storyboard;
			sourceTree = "<group>";
		};
		B4CFB76F1FAB4A7900D6E73A /* Authentification.storyboard */ = {
			isa = PBXVariantGroup;
			children = (
				B4CFB7701FAB4A7900D6E73A /* Base */,
			);
			name = Authentification.storyboard;
			sourceTree = "<group>";
		};
/* End PBXVariantGroup section */

/* Begin XCBuildConfiguration section */
		B4B9D1A61FA8A52300CBD7DB /* Debug */ = {
			isa = XCBuildConfiguration;
			buildSettings = {
				ALWAYS_SEARCH_USER_PATHS = NO;
				CLANG_ANALYZER_NONNULL = YES;
				CLANG_ANALYZER_NUMBER_OBJECT_CONVERSION = YES_AGGRESSIVE;
				CLANG_CXX_LANGUAGE_STANDARD = "gnu++14";
				CLANG_CXX_LIBRARY = "libc++";
				CLANG_ENABLE_MODULES = YES;
				CLANG_ENABLE_OBJC_ARC = YES;
				CLANG_WARN_BLOCK_CAPTURE_AUTORELEASING = YES;
				CLANG_WARN_BOOL_CONVERSION = YES;
				CLANG_WARN_COMMA = YES;
				CLANG_WARN_CONSTANT_CONVERSION = YES;
				CLANG_WARN_DIRECT_OBJC_ISA_USAGE = YES_ERROR;
				CLANG_WARN_DOCUMENTATION_COMMENTS = YES;
				CLANG_WARN_EMPTY_BODY = YES;
				CLANG_WARN_ENUM_CONVERSION = YES;
				CLANG_WARN_INFINITE_RECURSION = YES;
				CLANG_WARN_INT_CONVERSION = YES;
				CLANG_WARN_NON_LITERAL_NULL_CONVERSION = YES;
				CLANG_WARN_OBJC_LITERAL_CONVERSION = YES;
				CLANG_WARN_OBJC_ROOT_CLASS = YES_ERROR;
				CLANG_WARN_RANGE_LOOP_ANALYSIS = YES;
				CLANG_WARN_STRICT_PROTOTYPES = YES;
				CLANG_WARN_SUSPICIOUS_MOVE = YES;
				CLANG_WARN_UNGUARDED_AVAILABILITY = YES_AGGRESSIVE;
				CLANG_WARN_UNREACHABLE_CODE = YES;
				CLANG_WARN__DUPLICATE_METHOD_MATCH = YES;
				CODE_SIGN_IDENTITY = "iPhone Developer";
				COPY_PHASE_STRIP = NO;
				DEBUG_INFORMATION_FORMAT = "dwarf-with-dsym";
				ENABLE_STRICT_OBJC_MSGSEND = YES;
				ENABLE_TESTABILITY = YES;
				GCC_C_LANGUAGE_STANDARD = gnu11;
				GCC_DYNAMIC_NO_PIC = NO;
				GCC_NO_COMMON_BLOCKS = YES;
				GCC_OPTIMIZATION_LEVEL = 0;
				GCC_PREPROCESSOR_DEFINITIONS = (
					"DEBUG=1",
					"$(inherited)",
				);
				GCC_WARN_64_TO_32_BIT_CONVERSION = YES;
				GCC_WARN_ABOUT_RETURN_TYPE = YES_ERROR;
				GCC_WARN_UNDECLARED_SELECTOR = YES;
				GCC_WARN_UNINITIALIZED_AUTOS = YES_AGGRESSIVE;
				GCC_WARN_UNUSED_FUNCTION = YES;
				GCC_WARN_UNUSED_VARIABLE = YES;
				IPHONEOS_DEPLOYMENT_TARGET = 10.0;
				MTL_ENABLE_DEBUG_INFO = YES;
				ONLY_ACTIVE_ARCH = YES;
				SDKROOT = iphoneos;
				SWIFT_ACTIVE_COMPILATION_CONDITIONS = DEBUG;
				SWIFT_OPTIMIZATION_LEVEL = "-Onone";
			};
			name = Debug;
		};
		B4B9D1A71FA8A52300CBD7DB /* Release */ = {
			isa = XCBuildConfiguration;
			buildSettings = {
				ALWAYS_SEARCH_USER_PATHS = NO;
				CLANG_ANALYZER_NONNULL = YES;
				CLANG_ANALYZER_NUMBER_OBJECT_CONVERSION = YES_AGGRESSIVE;
				CLANG_CXX_LANGUAGE_STANDARD = "gnu++14";
				CLANG_CXX_LIBRARY = "libc++";
				CLANG_ENABLE_MODULES = YES;
				CLANG_ENABLE_OBJC_ARC = YES;
				CLANG_WARN_BLOCK_CAPTURE_AUTORELEASING = YES;
				CLANG_WARN_BOOL_CONVERSION = YES;
				CLANG_WARN_COMMA = YES;
				CLANG_WARN_CONSTANT_CONVERSION = YES;
				CLANG_WARN_DIRECT_OBJC_ISA_USAGE = YES_ERROR;
				CLANG_WARN_DOCUMENTATION_COMMENTS = YES;
				CLANG_WARN_EMPTY_BODY = YES;
				CLANG_WARN_ENUM_CONVERSION = YES;
				CLANG_WARN_INFINITE_RECURSION = YES;
				CLANG_WARN_INT_CONVERSION = YES;
				CLANG_WARN_NON_LITERAL_NULL_CONVERSION = YES;
				CLANG_WARN_OBJC_LITERAL_CONVERSION = YES;
				CLANG_WARN_OBJC_ROOT_CLASS = YES_ERROR;
				CLANG_WARN_RANGE_LOOP_ANALYSIS = YES;
				CLANG_WARN_STRICT_PROTOTYPES = YES;
				CLANG_WARN_SUSPICIOUS_MOVE = YES;
				CLANG_WARN_UNGUARDED_AVAILABILITY = YES_AGGRESSIVE;
				CLANG_WARN_UNREACHABLE_CODE = YES;
				CLANG_WARN__DUPLICATE_METHOD_MATCH = YES;
				CODE_SIGN_IDENTITY = "iPhone Developer";
				COPY_PHASE_STRIP = NO;
				DEBUG_INFORMATION_FORMAT = "dwarf-with-dsym";
				ENABLE_NS_ASSERTIONS = NO;
				ENABLE_STRICT_OBJC_MSGSEND = YES;
				GCC_C_LANGUAGE_STANDARD = gnu11;
				GCC_NO_COMMON_BLOCKS = YES;
				GCC_WARN_64_TO_32_BIT_CONVERSION = YES;
				GCC_WARN_ABOUT_RETURN_TYPE = YES_ERROR;
				GCC_WARN_UNDECLARED_SELECTOR = YES;
				GCC_WARN_UNINITIALIZED_AUTOS = YES_AGGRESSIVE;
				GCC_WARN_UNUSED_FUNCTION = YES;
				GCC_WARN_UNUSED_VARIABLE = YES;
				IPHONEOS_DEPLOYMENT_TARGET = 10.0;
				MTL_ENABLE_DEBUG_INFO = NO;
				SDKROOT = iphoneos;
				SWIFT_OPTIMIZATION_LEVEL = "-Owholemodule";
				VALIDATE_PRODUCT = YES;
			};
			name = Release;
		};
		B4B9D1A91FA8A52300CBD7DB /* Debug */ = {
			isa = XCBuildConfiguration;
			baseConfigurationReference = BEA24D4F70D81BC5C6DF5B7F /* Pods-Visheo.debug.xcconfig */;
			buildSettings = {
				ALWAYS_EMBED_SWIFT_STANDARD_LIBRARIES = YES;
				ASSETCATALOG_COMPILER_APPICON_NAME = AppIcon;
				CLANG_ENABLE_MODULES = YES;
				"CODE_SIGN_IDENTITY[sdk=iphoneos*]" = "iPhone Developer";
				CODE_SIGN_STYLE = Automatic;
				DEVELOPMENT_TEAM = 4M6W632NJ7;
				INFOPLIST_FILE = Visheo/Info.plist;
				LD_RUNPATH_SEARCH_PATHS = "$(inherited) @executable_path/Frameworks";
				PRODUCT_BUNDLE_IDENTIFIER = "com.olearis.visheo-dev";
				PRODUCT_NAME = "$(TARGET_NAME)";
				PROVISIONING_PROFILE_SPECIFIER = "";
				SWIFT_OBJC_BRIDGING_HEADER = "Visheo/Sources/Visheo-Bridging-Header.h";
				SWIFT_OPTIMIZATION_LEVEL = "-Onone";
				SWIFT_VERSION = 4.0;
				TARGETED_DEVICE_FAMILY = 1;
			};
			name = Debug;
		};
		B4B9D1AA1FA8A52300CBD7DB /* Release */ = {
			isa = XCBuildConfiguration;
			baseConfigurationReference = C370ACF7CBAB1D0D1A2A453C /* Pods-Visheo.release.xcconfig */;
			buildSettings = {
				ALWAYS_EMBED_SWIFT_STANDARD_LIBRARIES = YES;
				ASSETCATALOG_COMPILER_APPICON_NAME = AppIcon;
				CLANG_ENABLE_MODULES = YES;
				"CODE_SIGN_IDENTITY[sdk=iphoneos*]" = "iPhone Developer";
				CODE_SIGN_STYLE = Automatic;
				DEVELOPMENT_TEAM = 4M6W632NJ7;
				INFOPLIST_FILE = Visheo/Info.plist;
				LD_RUNPATH_SEARCH_PATHS = "$(inherited) @executable_path/Frameworks";
				PRODUCT_BUNDLE_IDENTIFIER = "com.olearis.visheo-dev";
				PRODUCT_NAME = "$(TARGET_NAME)";
				PROVISIONING_PROFILE_SPECIFIER = "";
				SWIFT_OBJC_BRIDGING_HEADER = "Visheo/Sources/Visheo-Bridging-Header.h";
				SWIFT_VERSION = 4.0;
				TARGETED_DEVICE_FAMILY = 1;
			};
			name = Release;
		};
/* End XCBuildConfiguration section */

/* Begin XCConfigurationList section */
		B4B9D1911FA8A52300CBD7DB /* Build configuration list for PBXProject "Visheo" */ = {
			isa = XCConfigurationList;
			buildConfigurations = (
				B4B9D1A61FA8A52300CBD7DB /* Debug */,
				B4B9D1A71FA8A52300CBD7DB /* Release */,
			);
			defaultConfigurationIsVisible = 0;
			defaultConfigurationName = Release;
		};
		B4B9D1A81FA8A52300CBD7DB /* Build configuration list for PBXNativeTarget "Visheo" */ = {
			isa = XCConfigurationList;
			buildConfigurations = (
				B4B9D1A91FA8A52300CBD7DB /* Debug */,
				B4B9D1AA1FA8A52300CBD7DB /* Release */,
			);
			defaultConfigurationIsVisible = 0;
			defaultConfigurationName = Release;
		};
/* End XCConfigurationList section */
	};
	rootObject = B4B9D18E1FA8A52300CBD7DB /* Project object */;
}
